// !$*UTF8*$!
{
	archiveVersion = 1;
	classes = {
	};
	objectVersion = 46;
	objects = {

/* Begin PBXBuildFile section */
		4A896AFD1DF33BA100A537F1 /* AppDelegate.swift in Sources */ = {isa = PBXBuildFile; fileRef = 4A896AFC1DF33BA100A537F1 /* AppDelegate.swift */; };
		4A896AFF1DF33BA100A537F1 /* ViewController.swift in Sources */ = {isa = PBXBuildFile; fileRef = 4A896AFE1DF33BA100A537F1 /* ViewController.swift */; };
		4A896B021DF33BA100A537F1 /* Main.storyboard in Resources */ = {isa = PBXBuildFile; fileRef = 4A896B001DF33BA100A537F1 /* Main.storyboard */; };
		4A896B041DF33BA100A537F1 /* Assets.xcassets in Resources */ = {isa = PBXBuildFile; fileRef = 4A896B031DF33BA100A537F1 /* Assets.xcassets */; };
		4A896B071DF33BA100A537F1 /* LaunchScreen.storyboard in Resources */ = {isa = PBXBuildFile; fileRef = 4A896B051DF33BA100A537F1 /* LaunchScreen.storyboard */; };
		4A896B121DF33BA100A537F1 /* NowPlayingMoviesTests.swift in Sources */ = {isa = PBXBuildFile; fileRef = 4A896B111DF33BA100A537F1 /* NowPlayingMoviesTests.swift */; };
		4A896B1D1DF33BA100A537F1 /* NowPlayingMoviesUITests.swift in Sources */ = {isa = PBXBuildFile; fileRef = 4A896B1C1DF33BA100A537F1 /* NowPlayingMoviesUITests.swift */; };
/* End PBXBuildFile section */

/* Begin PBXContainerItemProxy section */
		4A896B0E1DF33BA100A537F1 /* PBXContainerItemProxy */ = {
			isa = PBXContainerItemProxy;
			containerPortal = 4A896AF11DF33BA100A537F1 /* Project object */;
			proxyType = 1;
			remoteGlobalIDString = 4A896AF81DF33BA100A537F1;
			remoteInfo = NowPlayingMovies;
		};
		4A896B191DF33BA100A537F1 /* PBXContainerItemProxy */ = {
			isa = PBXContainerItemProxy;
			containerPortal = 4A896AF11DF33BA100A537F1 /* Project object */;
			proxyType = 1;
			remoteGlobalIDString = 4A896AF81DF33BA100A537F1;
			remoteInfo = NowPlayingMovies;
		};
/* End PBXContainerItemProxy section */

/* Begin PBXFileReference section */
		4A896AF91DF33BA100A537F1 /* NowPlayingMovies.app */ = {isa = PBXFileReference; explicitFileType = wrapper.application; includeInIndex = 0; path = NowPlayingMovies.app; sourceTree = BUILT_PRODUCTS_DIR; };
		4A896AFC1DF33BA100A537F1 /* AppDelegate.swift */ = {isa = PBXFileReference; lastKnownFileType = sourcecode.swift; path = AppDelegate.swift; sourceTree = "<group>"; };
		4A896AFE1DF33BA100A537F1 /* ViewController.swift */ = {isa = PBXFileReference; lastKnownFileType = sourcecode.swift; path = ViewController.swift; sourceTree = "<group>"; };
		4A896B011DF33BA100A537F1 /* Base */ = {isa = PBXFileReference; lastKnownFileType = file.storyboard; name = Base; path = Base.lproj/Main.storyboard; sourceTree = "<group>"; };
		4A896B031DF33BA100A537F1 /* Assets.xcassets */ = {isa = PBXFileReference; lastKnownFileType = folder.assetcatalog; path = Assets.xcassets; sourceTree = "<group>"; };
		4A896B061DF33BA100A537F1 /* Base */ = {isa = PBXFileReference; lastKnownFileType = file.storyboard; name = Base; path = Base.lproj/LaunchScreen.storyboard; sourceTree = "<group>"; };
		4A896B081DF33BA100A537F1 /* Info.plist */ = {isa = PBXFileReference; lastKnownFileType = text.plist.xml; path = Info.plist; sourceTree = "<group>"; };
		4A896B0D1DF33BA100A537F1 /* NowPlayingMoviesTests.xctest */ = {isa = PBXFileReference; explicitFileType = wrapper.cfbundle; includeInIndex = 0; path = NowPlayingMoviesTests.xctest; sourceTree = BUILT_PRODUCTS_DIR; };
		4A896B111DF33BA100A537F1 /* NowPlayingMoviesTests.swift */ = {isa = PBXFileReference; lastKnownFileType = sourcecode.swift; path = NowPlayingMoviesTests.swift; sourceTree = "<group>"; };
		4A896B131DF33BA100A537F1 /* Info.plist */ = {isa = PBXFileReference; lastKnownFileType = text.plist.xml; path = Info.plist; sourceTree = "<group>"; };
		4A896B181DF33BA100A537F1 /* NowPlayingMoviesUITests.xctest */ = {isa = PBXFileReference; explicitFileType = wrapper.cfbundle; includeInIndex = 0; path = NowPlayingMoviesUITests.xctest; sourceTree = BUILT_PRODUCTS_DIR; };
		4A896B1C1DF33BA100A537F1 /* NowPlayingMoviesUITests.swift */ = {isa = PBXFileReference; lastKnownFileType = sourcecode.swift; path = NowPlayingMoviesUITests.swift; sourceTree = "<group>"; };
		4A896B1E1DF33BA100A537F1 /* Info.plist */ = {isa = PBXFileReference; lastKnownFileType = text.plist.xml; path = Info.plist; sourceTree = "<group>"; };
/* End PBXFileReference section */

/* Begin PBXFrameworksBuildPhase section */
		4A896AF61DF33BA100A537F1 /* Frameworks */ = {
			isa = PBXFrameworksBuildPhase;
			buildActionMask = 2147483647;
			files = (
			);
			runOnlyForDeploymentPostprocessing = 0;
		};
		4A896B0A1DF33BA100A537F1 /* Frameworks */ = {
			isa = PBXFrameworksBuildPhase;
			buildActionMask = 2147483647;
			files = (
			);
			runOnlyForDeploymentPostprocessing = 0;
		};
		4A896B151DF33BA100A537F1 /* Frameworks */ = {
			isa = PBXFrameworksBuildPhase;
			buildActionMask = 2147483647;
			files = (
			);
			runOnlyForDeploymentPostprocessing = 0;
		};
/* End PBXFrameworksBuildPhase section */

/* Begin PBXGroup section */
		4A896AF01DF33BA100A537F1 = {
			isa = PBXGroup;
			children = (
				4A896AFB1DF33BA100A537F1 /* NowPlayingMovies */,
				4A896B101DF33BA100A537F1 /* NowPlayingMoviesTests */,
				4A896B1B1DF33BA100A537F1 /* NowPlayingMoviesUITests */,
				4A896AFA1DF33BA100A537F1 /* Products */,
			);
			sourceTree = "<group>";
		};
		4A896AFA1DF33BA100A537F1 /* Products */ = {
			isa = PBXGroup;
			children = (
				4A896AF91DF33BA100A537F1 /* NowPlayingMovies.app */,
				4A896B0D1DF33BA100A537F1 /* NowPlayingMoviesTests.xctest */,
				4A896B181DF33BA100A537F1 /* NowPlayingMoviesUITests.xctest */,
			);
			name = Products;
			sourceTree = "<group>";
		};
		4A896AFB1DF33BA100A537F1 /* NowPlayingMovies */ = {
			isa = PBXGroup;
			children = (
				4A896AFC1DF33BA100A537F1 /* AppDelegate.swift */,
				4A896AFE1DF33BA100A537F1 /* ViewController.swift */,
				4A896B001DF33BA100A537F1 /* Main.storyboard */,
				4A896B031DF33BA100A537F1 /* Assets.xcassets */,
				4A896B051DF33BA100A537F1 /* LaunchScreen.storyboard */,
				4A896B081DF33BA100A537F1 /* Info.plist */,
			);
			path = NowPlayingMovies;
			sourceTree = "<group>";
		};
		4A896B101DF33BA100A537F1 /* NowPlayingMoviesTests */ = {
			isa = PBXGroup;
			children = (
				4A896B111DF33BA100A537F1 /* NowPlayingMoviesTests.swift */,
				4A896B131DF33BA100A537F1 /* Info.plist */,
			);
			path = NowPlayingMoviesTests;
			sourceTree = "<group>";
		};
		4A896B1B1DF33BA100A537F1 /* NowPlayingMoviesUITests */ = {
			isa = PBXGroup;
			children = (
				4A896B1C1DF33BA100A537F1 /* NowPlayingMoviesUITests.swift */,
				4A896B1E1DF33BA100A537F1 /* Info.plist */,
			);
			path = NowPlayingMoviesUITests;
			sourceTree = "<group>";
		};
/* End PBXGroup section */

/* Begin PBXNativeTarget section */
		4A896AF81DF33BA100A537F1 /* NowPlayingMovies */ = {
			isa = PBXNativeTarget;
			buildConfigurationList = 4A896B211DF33BA100A537F1 /* Build configuration list for PBXNativeTarget "NowPlayingMovies" */;
			buildPhases = (
				4A896AF51DF33BA100A537F1 /* Sources */,
				4A896AF61DF33BA100A537F1 /* Frameworks */,
				4A896AF71DF33BA100A537F1 /* Resources */,
			);
			buildRules = (
			);
			dependencies = (
			);
			name = NowPlayingMovies;
			productName = NowPlayingMovies;
			productReference = 4A896AF91DF33BA100A537F1 /* NowPlayingMovies.app */;
			productType = "com.apple.product-type.application";
		};
		4A896B0C1DF33BA100A537F1 /* NowPlayingMoviesTests */ = {
			isa = PBXNativeTarget;
			buildConfigurationList = 4A896B241DF33BA100A537F1 /* Build configuration list for PBXNativeTarget "NowPlayingMoviesTests" */;
			buildPhases = (
				4A896B091DF33BA100A537F1 /* Sources */,
				4A896B0A1DF33BA100A537F1 /* Frameworks */,
				4A896B0B1DF33BA100A537F1 /* Resources */,
			);
			buildRules = (
			);
			dependencies = (
				4A896B0F1DF33BA100A537F1 /* PBXTargetDependency */,
			);
			name = NowPlayingMoviesTests;
			productName = NowPlayingMoviesTests;
			productReference = 4A896B0D1DF33BA100A537F1 /* NowPlayingMoviesTests.xctest */;
			productType = "com.apple.product-type.bundle.unit-test";
		};
		4A896B171DF33BA100A537F1 /* NowPlayingMoviesUITests */ = {
			isa = PBXNativeTarget;
			buildConfigurationList = 4A896B271DF33BA100A537F1 /* Build configuration list for PBXNativeTarget "NowPlayingMoviesUITests" */;
			buildPhases = (
				4A896B141DF33BA100A537F1 /* Sources */,
				4A896B151DF33BA100A537F1 /* Frameworks */,
				4A896B161DF33BA100A537F1 /* Resources */,
			);
			buildRules = (
			);
			dependencies = (
				4A896B1A1DF33BA100A537F1 /* PBXTargetDependency */,
			);
			name = NowPlayingMoviesUITests;
			productName = NowPlayingMoviesUITests;
			productReference = 4A896B181DF33BA100A537F1 /* NowPlayingMoviesUITests.xctest */;
			productType = "com.apple.product-type.bundle.ui-testing";
		};
/* End PBXNativeTarget section */

/* Begin PBXProject section */
		4A896AF11DF33BA100A537F1 /* Project object */ = {
			isa = PBXProject;
			attributes = {
				LastSwiftUpdateCheck = 0810;
				LastUpgradeCheck = 0810;
				ORGANIZATIONNAME = DevMac;
				TargetAttributes = {
					4A896AF81DF33BA100A537F1 = {
						CreatedOnToolsVersion = 8.1;
						DevelopmentTeam = 8BQ32C87WW;
						ProvisioningStyle = Automatic;
					};
					4A896B0C1DF33BA100A537F1 = {
						CreatedOnToolsVersion = 8.1;
						DevelopmentTeam = 8BQ32C87WW;
						ProvisioningStyle = Automatic;
						TestTargetID = 4A896AF81DF33BA100A537F1;
					};
					4A896B171DF33BA100A537F1 = {
						CreatedOnToolsVersion = 8.1;
						DevelopmentTeam = 8BQ32C87WW;
						ProvisioningStyle = Automatic;
						TestTargetID = 4A896AF81DF33BA100A537F1;
					};
				};
			};
			buildConfigurationList = 4A896AF41DF33BA100A537F1 /* Build configuration list for PBXProject "NowPlayingMovies" */;
			compatibilityVersion = "Xcode 3.2";
			developmentRegion = English;
			hasScannedForEncodings = 0;
			knownRegions = (
				en,
				Base,
			);
			mainGroup = 4A896AF01DF33BA100A537F1;
			productRefGroup = 4A896AFA1DF33BA100A537F1 /* Products */;
			projectDirPath = "";
			projectRoot = "";
			targets = (
				4A896AF81DF33BA100A537F1 /* NowPlayingMovies */,
				4A896B0C1DF33BA100A537F1 /* NowPlayingMoviesTests */,
				4A896B171DF33BA100A537F1 /* NowPlayingMoviesUITests */,
			);
		};
/* End PBXProject section */

/* Begin PBXResourcesBuildPhase section */
		4A896AF71DF33BA100A537F1 /* Resources */ = {
			isa = PBXResourcesBuildPhase;
			buildActionMask = 2147483647;
			files = (
				4A896B071DF33BA100A537F1 /* LaunchScreen.storyboard in Resources */,
				4A896B041DF33BA100A537F1 /* Assets.xcassets in Resources */,
				4A896B021DF33BA100A537F1 /* Main.storyboard in Resources */,
			);
			runOnlyForDeploymentPostprocessing = 0;
		};
		4A896B0B1DF33BA100A537F1 /* Resources */ = {
			isa = PBXResourcesBuildPhase;
			buildActionMask = 2147483647;
			files = (
			);
			runOnlyForDeploymentPostprocessing = 0;
		};
		4A896B161DF33BA100A537F1 /* Resources */ = {
			isa = PBXResourcesBuildPhase;
			buildActionMask = 2147483647;
			files = (
			);
			runOnlyForDeploymentPostprocessing = 0;
		};
/* End PBXResourcesBuildPhase section */

/* Begin PBXSourcesBuildPhase section */
		4A896AF51DF33BA100A537F1 /* Sources */ = {
			isa = PBXSourcesBuildPhase;
			buildActionMask = 2147483647;
			files = (
				4A896AFF1DF33BA100A537F1 /* ViewController.swift in Sources */,
				4A896AFD1DF33BA100A537F1 /* AppDelegate.swift in Sources */,
			);
			runOnlyForDeploymentPostprocessing = 0;
		};
		4A896B091DF33BA100A537F1 /* Sources */ = {
			isa = PBXSourcesBuildPhase;
			buildActionMask = 2147483647;
			files = (
				4A896B121DF33BA100A537F1 /* NowPlayingMoviesTests.swift in Sources */,
			);
			runOnlyForDeploymentPostprocessing = 0;
		};
		4A896B141DF33BA100A537F1 /* Sources */ = {
			isa = PBXSourcesBuildPhase;
			buildActionMask = 2147483647;
			files = (
				4A896B1D1DF33BA100A537F1 /* NowPlayingMoviesUITests.swift in Sources */,
			);
			runOnlyForDeploymentPostprocessing = 0;
		};
/* End PBXSourcesBuildPhase section */

/* Begin PBXTargetDependency section */
		4A896B0F1DF33BA100A537F1 /* PBXTargetDependency */ = {
			isa = PBXTargetDependency;
			target = 4A896AF81DF33BA100A537F1 /* NowPlayingMovies */;
			targetProxy = 4A896B0E1DF33BA100A537F1 /* PBXContainerItemProxy */;
		};
		4A896B1A1DF33BA100A537F1 /* PBXTargetDependency */ = {
			isa = PBXTargetDependency;
			target = 4A896AF81DF33BA100A537F1 /* NowPlayingMovies */;
			targetProxy = 4A896B191DF33BA100A537F1 /* PBXContainerItemProxy */;
		};
/* End PBXTargetDependency section */

/* Begin PBXVariantGroup section */
		4A896B001DF33BA100A537F1 /* Main.storyboard */ = {
			isa = PBXVariantGroup;
			children = (
				4A896B011DF33BA100A537F1 /* Base */,
			);
			name = Main.storyboard;
			sourceTree = "<group>";
		};
		4A896B051DF33BA100A537F1 /* LaunchScreen.storyboard */ = {
			isa = PBXVariantGroup;
			children = (
				4A896B061DF33BA100A537F1 /* Base */,
			);
			name = LaunchScreen.storyboard;
			sourceTree = "<group>";
		};
/* End PBXVariantGroup section */

/* Begin XCBuildConfiguration section */
		4A896B1F1DF33BA100A537F1 /* Debug */ = {
			isa = XCBuildConfiguration;
			buildSettings = {
				ALWAYS_SEARCH_USER_PATHS = NO;
				CLANG_ANALYZER_NONNULL = YES;
				CLANG_CXX_LANGUAGE_STANDARD = "gnu++0x";
				CLANG_CXX_LIBRARY = "libc++";
				CLANG_ENABLE_MODULES = YES;
				CLANG_ENABLE_OBJC_ARC = YES;
				CLANG_WARN_BOOL_CONVERSION = YES;
				CLANG_WARN_CONSTANT_CONVERSION = YES;
				CLANG_WARN_DIRECT_OBJC_ISA_USAGE = YES_ERROR;
				CLANG_WARN_DOCUMENTATION_COMMENTS = YES;
				CLANG_WARN_EMPTY_BODY = YES;
				CLANG_WARN_ENUM_CONVERSION = YES;
				CLANG_WARN_INFINITE_RECURSION = YES;
				CLANG_WARN_INT_CONVERSION = YES;
				CLANG_WARN_OBJC_ROOT_CLASS = YES_ERROR;
				CLANG_WARN_SUSPICIOUS_MOVES = YES;
				CLANG_WARN_UNREACHABLE_CODE = YES;
				CLANG_WARN__DUPLICATE_METHOD_MATCH = YES;
				"CODE_SIGN_IDENTITY[sdk=iphoneos*]" = "iPhone Developer";
				COPY_PHASE_STRIP = NO;
				DEBUG_INFORMATION_FORMAT = dwarf;
				ENABLE_STRICT_OBJC_MSGSEND = YES;
				ENABLE_TESTABILITY = YES;
				GCC_C_LANGUAGE_STANDARD = gnu99;
				GCC_DYNAMIC_NO_PIC = NO;
				GCC_NO_COMMON_BLOCKS = YES;
				GCC_OPTIMIZATION_LEVEL = 0;
				GCC_PREPROCESSOR_DEFINITIONS = (
					"DEBUG=1",
					"$(inherited)",
				);
				GCC_WARN_64_TO_32_BIT_CONVERSION = YES;
				GCC_WARN_ABOUT_RETURN_TYPE = YES_ERROR;
				GCC_WARN_UNDECLARED_SELECTOR = YES;
				GCC_WARN_UNINITIALIZED_AUTOS = YES_AGGRESSIVE;
				GCC_WARN_UNUSED_FUNCTION = YES;
				GCC_WARN_UNUSED_VARIABLE = YES;
				IPHONEOS_DEPLOYMENT_TARGET = 10.1;
				MTL_ENABLE_DEBUG_INFO = YES;
				ONLY_ACTIVE_ARCH = YES;
				SDKROOT = iphoneos;
				SWIFT_ACTIVE_COMPILATION_CONDITIONS = DEBUG;
				SWIFT_OPTIMIZATION_LEVEL = "-Onone";
				TARGETED_DEVICE_FAMILY = "1,2";
			};
			name = Debug;
		};
		4A896B201DF33BA100A537F1 /* Release */ = {
			isa = XCBuildConfiguration;
			buildSettings = {
				ALWAYS_SEARCH_USER_PATHS = NO;
				CLANG_ANALYZER_NONNULL = YES;
				CLANG_CXX_LANGUAGE_STANDARD = "gnu++0x";
				CLANG_CXX_LIBRARY = "libc++";
				CLANG_ENABLE_MODULES = YES;
				CLANG_ENABLE_OBJC_ARC = YES;
				CLANG_WARN_BOOL_CONVERSION = YES;
				CLANG_WARN_CONSTANT_CONVERSION = YES;
				CLANG_WARN_DIRECT_OBJC_ISA_USAGE = YES_ERROR;
				CLANG_WARN_DOCUMENTATION_COMMENTS = YES;
				CLANG_WARN_EMPTY_BODY = YES;
				CLANG_WARN_ENUM_CONVERSION = YES;
				CLANG_WARN_INFINITE_RECURSION = YES;
				CLANG_WARN_INT_CONVERSION = YES;
				CLANG_WARN_OBJC_ROOT_CLASS = YES_ERROR;
				CLANG_WARN_SUSPICIOUS_MOVES = YES;
				CLANG_WARN_UNREACHABLE_CODE = YES;
				CLANG_WARN__DUPLICATE_METHOD_MATCH = YES;
				"CODE_SIGN_IDENTITY[sdk=iphoneos*]" = "iPhone Developer";
				COPY_PHASE_STRIP = NO;
				DEBUG_INFORMATION_FORMAT = "dwarf-with-dsym";
				ENABLE_NS_ASSERTIONS = NO;
				ENABLE_STRICT_OBJC_MSGSEND = YES;
				GCC_C_LANGUAGE_STANDARD = gnu99;
				GCC_NO_COMMON_BLOCKS = YES;
				GCC_WARN_64_TO_32_BIT_CONVERSION = YES;
				GCC_WARN_ABOUT_RETURN_TYPE = YES_ERROR;
				GCC_WARN_UNDECLARED_SELECTOR = YES;
				GCC_WARN_UNINITIALIZED_AUTOS = YES_AGGRESSIVE;
				GCC_WARN_UNUSED_FUNCTION = YES;
				GCC_WARN_UNUSED_VARIABLE = YES;
				IPHONEOS_DEPLOYMENT_TARGET = 10.1;
				MTL_ENABLE_DEBUG_INFO = NO;
				SDKROOT = iphoneos;
				SWIFT_OPTIMIZATION_LEVEL = "-Owholemodule";
				TARGETED_DEVICE_FAMILY = "1,2";
				VALIDATE_PRODUCT = YES;
			};
			name = Release;
		};
		4A896B221DF33BA100A537F1 /* Debug */ = {
			isa = XCBuildConfiguration;
			buildSettings = {
				ASSETCATALOG_COMPILER_APPICON_NAME = AppIcon;
				DEVELOPMENT_TEAM = 8BQ32C87WW;
				INFOPLIST_FILE = NowPlayingMovies/Info.plist;
				LD_RUNPATH_SEARCH_PATHS = "$(inherited) @executable_path/Frameworks";
				PRODUCT_BUNDLE_IDENTIFIER = br.com.devmac.NowPlayingMovies;
				PRODUCT_NAME = "$(TARGET_NAME)";
				SWIFT_VERSION = 3.0;
			};
			name = Debug;
		};
		4A896B231DF33BA100A537F1 /* Release */ = {
			isa = XCBuildConfiguration;
			buildSettings = {
				ASSETCATALOG_COMPILER_APPICON_NAME = AppIcon;
				DEVELOPMENT_TEAM = 8BQ32C87WW;
				INFOPLIST_FILE = NowPlayingMovies/Info.plist;
				LD_RUNPATH_SEARCH_PATHS = "$(inherited) @executable_path/Frameworks";
				PRODUCT_BUNDLE_IDENTIFIER = br.com.devmac.NowPlayingMovies;
				PRODUCT_NAME = "$(TARGET_NAME)";
				SWIFT_VERSION = 3.0;
			};
			name = Release;
		};
		4A896B251DF33BA100A537F1 /* Debug */ = {
			isa = XCBuildConfiguration;
			buildSettings = {
				ALWAYS_EMBED_SWIFT_STANDARD_LIBRARIES = YES;
				BUNDLE_LOADER = "$(TEST_HOST)";
				DEVELOPMENT_TEAM = 8BQ32C87WW;
				INFOPLIST_FILE = NowPlayingMoviesTests/Info.plist;
				LD_RUNPATH_SEARCH_PATHS = "$(inherited) @executable_path/Frameworks @loader_path/Frameworks";
				PRODUCT_BUNDLE_IDENTIFIER = br.com.devmac.NowPlayingMoviesTests;
				PRODUCT_NAME = "$(TARGET_NAME)";
				SWIFT_VERSION = 3.0;
				TEST_HOST = "$(BUILT_PRODUCTS_DIR)/NowPlayingMovies.app/NowPlayingMovies";
			};
			name = Debug;
		};
		4A896B261DF33BA100A537F1 /* Release */ = {
			isa = XCBuildConfiguration;
			buildSettings = {
				ALWAYS_EMBED_SWIFT_STANDARD_LIBRARIES = YES;
				BUNDLE_LOADER = "$(TEST_HOST)";
				DEVELOPMENT_TEAM = 8BQ32C87WW;
				INFOPLIST_FILE = NowPlayingMoviesTests/Info.plist;
				LD_RUNPATH_SEARCH_PATHS = "$(inherited) @executable_path/Frameworks @loader_path/Frameworks";
				PRODUCT_BUNDLE_IDENTIFIER = br.com.devmac.NowPlayingMoviesTests;
				PRODUCT_NAME = "$(TARGET_NAME)";
				SWIFT_VERSION = 3.0;
				TEST_HOST = "$(BUILT_PRODUCTS_DIR)/NowPlayingMovies.app/NowPlayingMovies";
			};
			name = Release;
		};
		4A896B281DF33BA100A537F1 /* Debug */ = {
			isa = XCBuildConfiguration;
			buildSettings = {
				ALWAYS_EMBED_SWIFT_STANDARD_LIBRARIES = YES;
				DEVELOPMENT_TEAM = 8BQ32C87WW;
				INFOPLIST_FILE = NowPlayingMoviesUITests/Info.plist;
				LD_RUNPATH_SEARCH_PATHS = "$(inherited) @executable_path/Frameworks @loader_path/Frameworks";
				PRODUCT_BUNDLE_IDENTIFIER = br.com.devmac.NowPlayingMoviesUITests;
				PRODUCT_NAME = "$(TARGET_NAME)";
				SWIFT_VERSION = 3.0;
				TEST_TARGET_NAME = NowPlayingMovies;
			};
			name = Debug;
		};
		4A896B291DF33BA100A537F1 /* Release */ = {
			isa = XCBuildConfiguration;
			buildSettings = {
				ALWAYS_EMBED_SWIFT_STANDARD_LIBRARIES = YES;
				DEVELOPMENT_TEAM = 8BQ32C87WW;
				INFOPLIST_FILE = NowPlayingMoviesUITests/Info.plist;
				LD_RUNPATH_SEARCH_PATHS = "$(inherited) @executable_path/Frameworks @loader_path/Frameworks";
				PRODUCT_BUNDLE_IDENTIFIER = br.com.devmac.NowPlayingMoviesUITests;
				PRODUCT_NAME = "$(TARGET_NAME)";
				SWIFT_VERSION = 3.0;
				TEST_TARGET_NAME = NowPlayingMovies;
			};
			name = Release;
		};
/* End XCBuildConfiguration section */

/* Begin XCConfigurationList section */
		4A896AF41DF33BA100A537F1 /* Build configuration list for PBXProject "NowPlayingMovies" */ = {
			isa = XCConfigurationList;
			buildConfigurations = (
				4A896B1F1DF33BA100A537F1 /* Debug */,
				4A896B201DF33BA100A537F1 /* Release */,
			);
			defaultConfigurationIsVisible = 0;
			defaultConfigurationName = Release;
		};
		4A896B211DF33BA100A537F1 /* Build configuration list for PBXNativeTarget "NowPlayingMovies" */ = {
			isa = XCConfigurationList;
			buildConfigurations = (
				4A896B221DF33BA100A537F1 /* Debug */,
				4A896B231DF33BA100A537F1 /* Release */,
			);
			defaultConfigurationIsVisible = 0;
		};
		4A896B241DF33BA100A537F1 /* Build configuration list for PBXNativeTarget "NowPlayingMoviesTests" */ = {
			isa = XCConfigurationList;
			buildConfigurations = (
				4A896B251DF33BA100A537F1 /* Debug */,
				4A896B261DF33BA100A537F1 /* Release */,
			);
			defaultConfigurationIsVisible = 0;
		};
		4A896B271DF33BA100A537F1 /* Build configuration list for PBXNativeTarget "NowPlayingMoviesUITests" */ = {
			isa = XCConfigurationList;
			buildConfigurations = (
				4A896B281DF33BA100A537F1 /* Debug */,
				4A896B291DF33BA100A537F1 /* Release */,
			);
			defaultConfigurationIsVisible = 0;
		};
/* End XCConfigurationList section */
	};
	rootObject = 4A896AF11DF33BA100A537F1 /* Project object */;
}
