// !$*UTF8*$!
{
	archiveVersion = 1;
	classes = {
	};
	objectVersion = 46;
	objects = {

/* Begin PBXBuildFile section */
		0B43DEE406FFBC0D30C71275 /* Pods_Movies_tvOSTests.framework in Frameworks */ = {isa = PBXBuildFile; fileRef = D2C64468038B31020DD8CBC2 /* Pods_Movies_tvOSTests.framework */; };
		319FFC716D5A49AA6CAAF2D7 /* Pods_Movies_tvOSUITests.framework in Frameworks */ = {isa = PBXBuildFile; fileRef = 10A75D0D2A4D831663E1732E /* Pods_Movies_tvOSUITests.framework */; };
		4A3B37F31DF33E760095C37E /* Movies_iOSTests.swift in Sources */ = {isa = PBXBuildFile; fileRef = 4A3B37F21DF33E760095C37E /* Movies_iOSTests.swift */; };
		4A3B37FE1DF33E760095C37E /* Movies_iOSUITests.swift in Sources */ = {isa = PBXBuildFile; fileRef = 4A3B37FD1DF33E760095C37E /* Movies_iOSUITests.swift */; };
		4A3B383B1DF33EAC0095C37E /* AppDelegate.swift in Sources */ = {isa = PBXBuildFile; fileRef = 4A896AFC1DF33BA100A537F1 /* AppDelegate.swift */; };
		4A3B38411DF345620095C37E /* Movie.swift in Sources */ = {isa = PBXBuildFile; fileRef = 4A3B383F1DF345620095C37E /* Movie.swift */; };
		4A3B38431DF345620095C37E /* MoviesManager.swift in Sources */ = {isa = PBXBuildFile; fileRef = 4A3B38401DF345620095C37E /* MoviesManager.swift */; };
		4A3B38481DF3456C0095C37E /* NowPlayingCVController.swift in Sources */ = {isa = PBXBuildFile; fileRef = 4A3B38451DF3456C0095C37E /* NowPlayingCVController.swift */; };
		4A3B384A1DF3456C0095C37E /* NowPlayingCVCell.swift in Sources */ = {isa = PBXBuildFile; fileRef = 4A3B38461DF3456C0095C37E /* NowPlayingCVCell.swift */; };
		4A3B384C1DF3456C0095C37E /* MovieDetailVC.swift in Sources */ = {isa = PBXBuildFile; fileRef = 4A3B38471DF3456C0095C37E /* MovieDetailVC.swift */; };
		4A3B384F1DF345AE0095C37E /* Reachability.swift in Sources */ = {isa = PBXBuildFile; fileRef = 4A3B384E1DF345AE0095C37E /* Reachability.swift */; };
		4A3B38551DF349AB0095C37E /* LaunchScreen.storyboard in Resources */ = {isa = PBXBuildFile; fileRef = 4A3B38531DF349AB0095C37E /* LaunchScreen.storyboard */; };
		4A3B38561DF349AB0095C37E /* Main.storyboard in Resources */ = {isa = PBXBuildFile; fileRef = 4A3B38541DF349AB0095C37E /* Main.storyboard */; };
		4A3B385A1DF349B50095C37E /* NowPlayingCollectionViewController.swift in Sources */ = {isa = PBXBuildFile; fileRef = 4A3B38571DF349B50095C37E /* NowPlayingCollectionViewController.swift */; };
		4A3B385B1DF349B50095C37E /* NowPlayingCollectionViewCell.swift in Sources */ = {isa = PBXBuildFile; fileRef = 4A3B38581DF349B50095C37E /* NowPlayingCollectionViewCell.swift */; };
		4A3B385C1DF349B50095C37E /* MovieDetailViewController.swift in Sources */ = {isa = PBXBuildFile; fileRef = 4A3B38591DF349B50095C37E /* MovieDetailViewController.swift */; };
		4A3B385E1DF349BD0095C37E /* Assets.xcassets in Resources */ = {isa = PBXBuildFile; fileRef = 4A3B385D1DF349BD0095C37E /* Assets.xcassets */; };
		4A3B38771DF34BAF0095C37E /* Assets.xcassets in Resources */ = {isa = PBXBuildFile; fileRef = 4A3B38761DF34BAF0095C37E /* Assets.xcassets */; };
		4A3B38821DF34BAF0095C37E /* Movies_tvOSTests.swift in Sources */ = {isa = PBXBuildFile; fileRef = 4A3B38811DF34BAF0095C37E /* Movies_tvOSTests.swift */; };
		4A3B388D1DF34BB00095C37E /* Movies_tvOSUITests.swift in Sources */ = {isa = PBXBuildFile; fileRef = 4A3B388C1DF34BB00095C37E /* Movies_tvOSUITests.swift */; };
		4A3B38981DF34BB90095C37E /* Movie.swift in Sources */ = {isa = PBXBuildFile; fileRef = 4A3B383F1DF345620095C37E /* Movie.swift */; };
		4A3B38991DF34BBC0095C37E /* MoviesManager.swift in Sources */ = {isa = PBXBuildFile; fileRef = 4A3B38401DF345620095C37E /* MoviesManager.swift */; };
		4A3B389A1DF34BC20095C37E /* NowPlayingCVController.swift in Sources */ = {isa = PBXBuildFile; fileRef = 4A3B38451DF3456C0095C37E /* NowPlayingCVController.swift */; };
		4A3B389B1DF34BC20095C37E /* NowPlayingCVCell.swift in Sources */ = {isa = PBXBuildFile; fileRef = 4A3B38461DF3456C0095C37E /* NowPlayingCVCell.swift */; };
		4A3B389C1DF34BC20095C37E /* MovieDetailVC.swift in Sources */ = {isa = PBXBuildFile; fileRef = 4A3B38471DF3456C0095C37E /* MovieDetailVC.swift */; };
		4A3B389D1DF34BC50095C37E /* AppDelegate.swift in Sources */ = {isa = PBXBuildFile; fileRef = 4A896AFC1DF33BA100A537F1 /* AppDelegate.swift */; };
		4A3B389E1DF34BC50095C37E /* Reachability.swift in Sources */ = {isa = PBXBuildFile; fileRef = 4A3B384E1DF345AE0095C37E /* Reachability.swift */; };
		4A3B38A41DF34BFD0095C37E /* NowPlayingCollectionViewController.swift in Sources */ = {isa = PBXBuildFile; fileRef = 4A3B38A11DF34BFD0095C37E /* NowPlayingCollectionViewController.swift */; };
		4A3B38A51DF34BFD0095C37E /* NowPlayingCollectionViewCell.swift in Sources */ = {isa = PBXBuildFile; fileRef = 4A3B38A21DF34BFD0095C37E /* NowPlayingCollectionViewCell.swift */; };
		4A3B38A61DF34BFD0095C37E /* MovieDetailViewController.swift in Sources */ = {isa = PBXBuildFile; fileRef = 4A3B38A31DF34BFD0095C37E /* MovieDetailViewController.swift */; };
		4A3B38A81DF34C050095C37E /* Main.storyboard in Resources */ = {isa = PBXBuildFile; fileRef = 4A3B38A71DF34C050095C37E /* Main.storyboard */; };
		5ADFFAA248F99142AD0FA0F6 /* Pods_Movies_iOSUITests.framework in Frameworks */ = {isa = PBXBuildFile; fileRef = A3335D1DC72A377ED959551A /* Pods_Movies_iOSUITests.framework */; };
		7E6BBE3D11DCA0ABCB2B368F /* Pods_Movies_tvOS.framework in Frameworks */ = {isa = PBXBuildFile; fileRef = B56CB196655608517A71C234 /* Pods_Movies_tvOS.framework */; };
		C4858EDD4703EAF58A8FA79E /* Pods_Movies_iOS.framework in Frameworks */ = {isa = PBXBuildFile; fileRef = A3B3595AD6315FA1BEE5A136 /* Pods_Movies_iOS.framework */; };
		FD769FA004DF50F065EF080C /* Pods_Movies_iOSTests.framework in Frameworks */ = {isa = PBXBuildFile; fileRef = 8A198C2895DC1AE2410E50EF /* Pods_Movies_iOSTests.framework */; };
/* End PBXBuildFile section */

/* Begin PBXContainerItemProxy section */
		4A3B37EF1DF33E760095C37E /* PBXContainerItemProxy */ = {
			isa = PBXContainerItemProxy;
			containerPortal = 4A896AF11DF33BA100A537F1 /* Project object */;
			proxyType = 1;
			remoteGlobalIDString = 4A3B37DA1DF33E750095C37E;
			remoteInfo = "Movies-iOS";
		};
		4A3B37FA1DF33E760095C37E /* PBXContainerItemProxy */ = {
			isa = PBXContainerItemProxy;
			containerPortal = 4A896AF11DF33BA100A537F1 /* Project object */;
			proxyType = 1;
			remoteGlobalIDString = 4A3B37DA1DF33E750095C37E;
			remoteInfo = "Movies-iOS";
		};
		4A3B387E1DF34BAF0095C37E /* PBXContainerItemProxy */ = {
			isa = PBXContainerItemProxy;
			containerPortal = 4A896AF11DF33BA100A537F1 /* Project object */;
			proxyType = 1;
			remoteGlobalIDString = 4A3B386C1DF34BAF0095C37E;
			remoteInfo = "Movies-tvOS";
		};
		4A3B38891DF34BB00095C37E /* PBXContainerItemProxy */ = {
			isa = PBXContainerItemProxy;
			containerPortal = 4A896AF11DF33BA100A537F1 /* Project object */;
			proxyType = 1;
			remoteGlobalIDString = 4A3B386C1DF34BAF0095C37E;
			remoteInfo = "Movies-tvOS";
		};
/* End PBXContainerItemProxy section */

/* Begin PBXFileReference section */
		0F47DF0DDA17322F106B19C9 /* Pods-Movies-iOSUITests.release.xcconfig */ = {isa = PBXFileReference; includeInIndex = 1; lastKnownFileType = text.xcconfig; name = "Pods-Movies-iOSUITests.release.xcconfig"; path = "Pods/Target Support Files/Pods-Movies-iOSUITests/Pods-Movies-iOSUITests.release.xcconfig"; sourceTree = "<group>"; };
		10A75D0D2A4D831663E1732E /* Pods_Movies_tvOSUITests.framework */ = {isa = PBXFileReference; explicitFileType = wrapper.framework; includeInIndex = 0; path = Pods_Movies_tvOSUITests.framework; sourceTree = BUILT_PRODUCTS_DIR; };
		2D1A48389C1829B5D5B2D2B3 /* Pods-Movies-tvOS.debug.xcconfig */ = {isa = PBXFileReference; includeInIndex = 1; lastKnownFileType = text.xcconfig; name = "Pods-Movies-tvOS.debug.xcconfig"; path = "Pods/Target Support Files/Pods-Movies-tvOS/Pods-Movies-tvOS.debug.xcconfig"; sourceTree = "<group>"; };
		3C5539D9B44DE7AEFF5F5A98 /* Pods-Movies-tvOS.release.xcconfig */ = {isa = PBXFileReference; includeInIndex = 1; lastKnownFileType = text.xcconfig; name = "Pods-Movies-tvOS.release.xcconfig"; path = "Pods/Target Support Files/Pods-Movies-tvOS/Pods-Movies-tvOS.release.xcconfig"; sourceTree = "<group>"; };
		3EFD2A9E490DC7EC9286BAF3 /* Pods-Movies-iOS.debug.xcconfig */ = {isa = PBXFileReference; includeInIndex = 1; lastKnownFileType = text.xcconfig; name = "Pods-Movies-iOS.debug.xcconfig"; path = "Pods/Target Support Files/Pods-Movies-iOS/Pods-Movies-iOS.debug.xcconfig"; sourceTree = "<group>"; };
		4A3B37DB1DF33E750095C37E /* Movies-iOS.app */ = {isa = PBXFileReference; explicitFileType = wrapper.application; includeInIndex = 0; path = "Movies-iOS.app"; sourceTree = BUILT_PRODUCTS_DIR; };
		4A3B37E91DF33E750095C37E /* Info.plist */ = {isa = PBXFileReference; lastKnownFileType = text.plist.xml; path = Info.plist; sourceTree = "<group>"; };
		4A3B37EE1DF33E760095C37E /* Movies-iOSTests.xctest */ = {isa = PBXFileReference; explicitFileType = wrapper.cfbundle; includeInIndex = 0; path = "Movies-iOSTests.xctest"; sourceTree = BUILT_PRODUCTS_DIR; };
		4A3B37F21DF33E760095C37E /* Movies_iOSTests.swift */ = {isa = PBXFileReference; lastKnownFileType = sourcecode.swift; path = Movies_iOSTests.swift; sourceTree = "<group>"; };
		4A3B37F41DF33E760095C37E /* Info.plist */ = {isa = PBXFileReference; lastKnownFileType = text.plist.xml; path = Info.plist; sourceTree = "<group>"; };
		4A3B37F91DF33E760095C37E /* Movies-iOSUITests.xctest */ = {isa = PBXFileReference; explicitFileType = wrapper.cfbundle; includeInIndex = 0; path = "Movies-iOSUITests.xctest"; sourceTree = BUILT_PRODUCTS_DIR; };
		4A3B37FD1DF33E760095C37E /* Movies_iOSUITests.swift */ = {isa = PBXFileReference; lastKnownFileType = sourcecode.swift; path = Movies_iOSUITests.swift; sourceTree = "<group>"; };
		4A3B37FF1DF33E760095C37E /* Info.plist */ = {isa = PBXFileReference; lastKnownFileType = text.plist.xml; path = Info.plist; sourceTree = "<group>"; };
		4A3B383F1DF345620095C37E /* Movie.swift */ = {isa = PBXFileReference; fileEncoding = 4; lastKnownFileType = sourcecode.swift; path = Movie.swift; sourceTree = "<group>"; };
		4A3B38401DF345620095C37E /* MoviesManager.swift */ = {isa = PBXFileReference; fileEncoding = 4; lastKnownFileType = sourcecode.swift; path = MoviesManager.swift; sourceTree = "<group>"; };
		4A3B38451DF3456C0095C37E /* NowPlayingCVController.swift */ = {isa = PBXFileReference; fileEncoding = 4; lastKnownFileType = sourcecode.swift; path = NowPlayingCVController.swift; sourceTree = "<group>"; };
		4A3B38461DF3456C0095C37E /* NowPlayingCVCell.swift */ = {isa = PBXFileReference; fileEncoding = 4; lastKnownFileType = sourcecode.swift; path = NowPlayingCVCell.swift; sourceTree = "<group>"; };
		4A3B38471DF3456C0095C37E /* MovieDetailVC.swift */ = {isa = PBXFileReference; fileEncoding = 4; lastKnownFileType = sourcecode.swift; path = MovieDetailVC.swift; sourceTree = "<group>"; };
		4A3B384E1DF345AE0095C37E /* Reachability.swift */ = {isa = PBXFileReference; fileEncoding = 4; lastKnownFileType = sourcecode.swift; path = Reachability.swift; sourceTree = "<group>"; };
		4A3B38531DF349AB0095C37E /* LaunchScreen.storyboard */ = {isa = PBXFileReference; fileEncoding = 4; lastKnownFileType = file.storyboard; path = LaunchScreen.storyboard; sourceTree = "<group>"; };
		4A3B38541DF349AB0095C37E /* Main.storyboard */ = {isa = PBXFileReference; fileEncoding = 4; lastKnownFileType = file.storyboard; path = Main.storyboard; sourceTree = "<group>"; };
		4A3B38571DF349B50095C37E /* NowPlayingCollectionViewController.swift */ = {isa = PBXFileReference; fileEncoding = 4; lastKnownFileType = sourcecode.swift; path = NowPlayingCollectionViewController.swift; sourceTree = "<group>"; };
		4A3B38581DF349B50095C37E /* NowPlayingCollectionViewCell.swift */ = {isa = PBXFileReference; fileEncoding = 4; lastKnownFileType = sourcecode.swift; path = NowPlayingCollectionViewCell.swift; sourceTree = "<group>"; };
		4A3B38591DF349B50095C37E /* MovieDetailViewController.swift */ = {isa = PBXFileReference; fileEncoding = 4; lastKnownFileType = sourcecode.swift; path = MovieDetailViewController.swift; sourceTree = "<group>"; };
		4A3B385D1DF349BD0095C37E /* Assets.xcassets */ = {isa = PBXFileReference; lastKnownFileType = folder.assetcatalog; path = Assets.xcassets; sourceTree = "<group>"; };
		4A3B386D1DF34BAF0095C37E /* Movies-tvOS.app */ = {isa = PBXFileReference; explicitFileType = wrapper.application; includeInIndex = 0; path = "Movies-tvOS.app"; sourceTree = BUILT_PRODUCTS_DIR; };
		4A3B38761DF34BAF0095C37E /* Assets.xcassets */ = {isa = PBXFileReference; lastKnownFileType = folder.assetcatalog; path = Assets.xcassets; sourceTree = "<group>"; };
		4A3B38781DF34BAF0095C37E /* Info.plist */ = {isa = PBXFileReference; lastKnownFileType = text.plist.xml; path = Info.plist; sourceTree = "<group>"; };
		4A3B387D1DF34BAF0095C37E /* Movies-tvOSTests.xctest */ = {isa = PBXFileReference; explicitFileType = wrapper.cfbundle; includeInIndex = 0; path = "Movies-tvOSTests.xctest"; sourceTree = BUILT_PRODUCTS_DIR; };
		4A3B38811DF34BAF0095C37E /* Movies_tvOSTests.swift */ = {isa = PBXFileReference; lastKnownFileType = sourcecode.swift; path = Movies_tvOSTests.swift; sourceTree = "<group>"; };
		4A3B38831DF34BAF0095C37E /* Info.plist */ = {isa = PBXFileReference; lastKnownFileType = text.plist.xml; path = Info.plist; sourceTree = "<group>"; };
		4A3B38881DF34BB00095C37E /* Movies-tvOSUITests.xctest */ = {isa = PBXFileReference; explicitFileType = wrapper.cfbundle; includeInIndex = 0; path = "Movies-tvOSUITests.xctest"; sourceTree = BUILT_PRODUCTS_DIR; };
		4A3B388C1DF34BB00095C37E /* Movies_tvOSUITests.swift */ = {isa = PBXFileReference; lastKnownFileType = sourcecode.swift; path = Movies_tvOSUITests.swift; sourceTree = "<group>"; };
		4A3B388E1DF34BB00095C37E /* Info.plist */ = {isa = PBXFileReference; lastKnownFileType = text.plist.xml; path = Info.plist; sourceTree = "<group>"; };
		4A3B38A11DF34BFD0095C37E /* NowPlayingCollectionViewController.swift */ = {isa = PBXFileReference; fileEncoding = 4; lastKnownFileType = sourcecode.swift; path = NowPlayingCollectionViewController.swift; sourceTree = "<group>"; };
		4A3B38A21DF34BFD0095C37E /* NowPlayingCollectionViewCell.swift */ = {isa = PBXFileReference; fileEncoding = 4; lastKnownFileType = sourcecode.swift; path = NowPlayingCollectionViewCell.swift; sourceTree = "<group>"; };
		4A3B38A31DF34BFD0095C37E /* MovieDetailViewController.swift */ = {isa = PBXFileReference; fileEncoding = 4; lastKnownFileType = sourcecode.swift; path = MovieDetailViewController.swift; sourceTree = "<group>"; };
		4A3B38A71DF34C050095C37E /* Main.storyboard */ = {isa = PBXFileReference; fileEncoding = 4; lastKnownFileType = file.storyboard; path = Main.storyboard; sourceTree = "<group>"; };
		4A896AFC1DF33BA100A537F1 /* AppDelegate.swift */ = {isa = PBXFileReference; lastKnownFileType = sourcecode.swift; path = AppDelegate.swift; sourceTree = "<group>"; };
		4AF45A8A98C5C02F2517A729 /* Pods-Movies-iOSTests.release.xcconfig */ = {isa = PBXFileReference; includeInIndex = 1; lastKnownFileType = text.xcconfig; name = "Pods-Movies-iOSTests.release.xcconfig"; path = "Pods/Target Support Files/Pods-Movies-iOSTests/Pods-Movies-iOSTests.release.xcconfig"; sourceTree = "<group>"; };
		4E6A47B163F3BE3DD33FA480 /* Pods-Movies-tvOSTests.release.xcconfig */ = {isa = PBXFileReference; includeInIndex = 1; lastKnownFileType = text.xcconfig; name = "Pods-Movies-tvOSTests.release.xcconfig"; path = "Pods/Target Support Files/Pods-Movies-tvOSTests/Pods-Movies-tvOSTests.release.xcconfig"; sourceTree = "<group>"; };
		612D4474CBE355F4AB69D85D /* Pods-Movies-iOSTests.debug.xcconfig */ = {isa = PBXFileReference; includeInIndex = 1; lastKnownFileType = text.xcconfig; name = "Pods-Movies-iOSTests.debug.xcconfig"; path = "Pods/Target Support Files/Pods-Movies-iOSTests/Pods-Movies-iOSTests.debug.xcconfig"; sourceTree = "<group>"; };
		64C840843ED6BA75DD7ABCB8 /* Pods-Movies-iOSUITests.debug.xcconfig */ = {isa = PBXFileReference; includeInIndex = 1; lastKnownFileType = text.xcconfig; name = "Pods-Movies-iOSUITests.debug.xcconfig"; path = "Pods/Target Support Files/Pods-Movies-iOSUITests/Pods-Movies-iOSUITests.debug.xcconfig"; sourceTree = "<group>"; };
		8489D78B47694DC829C16A19 /* Pods-Movies-tvOSTests.debug.xcconfig */ = {isa = PBXFileReference; includeInIndex = 1; lastKnownFileType = text.xcconfig; name = "Pods-Movies-tvOSTests.debug.xcconfig"; path = "Pods/Target Support Files/Pods-Movies-tvOSTests/Pods-Movies-tvOSTests.debug.xcconfig"; sourceTree = "<group>"; };
		8A198C2895DC1AE2410E50EF /* Pods_Movies_iOSTests.framework */ = {isa = PBXFileReference; explicitFileType = wrapper.framework; includeInIndex = 0; path = Pods_Movies_iOSTests.framework; sourceTree = BUILT_PRODUCTS_DIR; };
		A3335D1DC72A377ED959551A /* Pods_Movies_iOSUITests.framework */ = {isa = PBXFileReference; explicitFileType = wrapper.framework; includeInIndex = 0; path = Pods_Movies_iOSUITests.framework; sourceTree = BUILT_PRODUCTS_DIR; };
		A3B3595AD6315FA1BEE5A136 /* Pods_Movies_iOS.framework */ = {isa = PBXFileReference; explicitFileType = wrapper.framework; includeInIndex = 0; path = Pods_Movies_iOS.framework; sourceTree = BUILT_PRODUCTS_DIR; };
		A65F409BE3B9086E7E841974 /* Pods-Movies-tvOSUITests.debug.xcconfig */ = {isa = PBXFileReference; includeInIndex = 1; lastKnownFileType = text.xcconfig; name = "Pods-Movies-tvOSUITests.debug.xcconfig"; path = "Pods/Target Support Files/Pods-Movies-tvOSUITests/Pods-Movies-tvOSUITests.debug.xcconfig"; sourceTree = "<group>"; };
		B56CB196655608517A71C234 /* Pods_Movies_tvOS.framework */ = {isa = PBXFileReference; explicitFileType = wrapper.framework; includeInIndex = 0; path = Pods_Movies_tvOS.framework; sourceTree = BUILT_PRODUCTS_DIR; };
		D2C64468038B31020DD8CBC2 /* Pods_Movies_tvOSTests.framework */ = {isa = PBXFileReference; explicitFileType = wrapper.framework; includeInIndex = 0; path = Pods_Movies_tvOSTests.framework; sourceTree = BUILT_PRODUCTS_DIR; };
		E79A6F3BD2E7AF1E9FAC4572 /* Pods-Movies-tvOSUITests.release.xcconfig */ = {isa = PBXFileReference; includeInIndex = 1; lastKnownFileType = text.xcconfig; name = "Pods-Movies-tvOSUITests.release.xcconfig"; path = "Pods/Target Support Files/Pods-Movies-tvOSUITests/Pods-Movies-tvOSUITests.release.xcconfig"; sourceTree = "<group>"; };
		E83D0430F3288706C508E2B8 /* Pods-Movies-iOS.release.xcconfig */ = {isa = PBXFileReference; includeInIndex = 1; lastKnownFileType = text.xcconfig; name = "Pods-Movies-iOS.release.xcconfig"; path = "Pods/Target Support Files/Pods-Movies-iOS/Pods-Movies-iOS.release.xcconfig"; sourceTree = "<group>"; };
/* End PBXFileReference section */

/* Begin PBXFrameworksBuildPhase section */
		4A3B37D81DF33E750095C37E /* Frameworks */ = {
			isa = PBXFrameworksBuildPhase;
			buildActionMask = 2147483647;
			files = (
				C4858EDD4703EAF58A8FA79E /* Pods_Movies_iOS.framework in Frameworks */,
			);
			runOnlyForDeploymentPostprocessing = 0;
		};
		4A3B37EB1DF33E760095C37E /* Frameworks */ = {
			isa = PBXFrameworksBuildPhase;
			buildActionMask = 2147483647;
			files = (
				FD769FA004DF50F065EF080C /* Pods_Movies_iOSTests.framework in Frameworks */,
			);
			runOnlyForDeploymentPostprocessing = 0;
		};
		4A3B37F61DF33E760095C37E /* Frameworks */ = {
			isa = PBXFrameworksBuildPhase;
			buildActionMask = 2147483647;
			files = (
				5ADFFAA248F99142AD0FA0F6 /* Pods_Movies_iOSUITests.framework in Frameworks */,
			);
			runOnlyForDeploymentPostprocessing = 0;
		};
		4A3B386A1DF34BAF0095C37E /* Frameworks */ = {
			isa = PBXFrameworksBuildPhase;
			buildActionMask = 2147483647;
			files = (
				7E6BBE3D11DCA0ABCB2B368F /* Pods_Movies_tvOS.framework in Frameworks */,
			);
			runOnlyForDeploymentPostprocessing = 0;
		};
		4A3B387A1DF34BAF0095C37E /* Frameworks */ = {
			isa = PBXFrameworksBuildPhase;
			buildActionMask = 2147483647;
			files = (
				0B43DEE406FFBC0D30C71275 /* Pods_Movies_tvOSTests.framework in Frameworks */,
			);
			runOnlyForDeploymentPostprocessing = 0;
		};
		4A3B38851DF34BB00095C37E /* Frameworks */ = {
			isa = PBXFrameworksBuildPhase;
			buildActionMask = 2147483647;
			files = (
				319FFC716D5A49AA6CAAF2D7 /* Pods_Movies_tvOSUITests.framework in Frameworks */,
			);
			runOnlyForDeploymentPostprocessing = 0;
		};
/* End PBXFrameworksBuildPhase section */

/* Begin PBXGroup section */
		4A3B37DC1DF33E750095C37E /* Movies-iOS */ = {
			isa = PBXGroup;
			children = (
				4A3B38521DF349980095C37E /* View */,
				4A3B38511DF3498E0095C37E /* Controller */,
				4A3B385D1DF349BD0095C37E /* Assets.xcassets */,
				4A3B37E91DF33E750095C37E /* Info.plist */,
			);
			path = "Movies-iOS";
			sourceTree = "<group>";
		};
		4A3B37F11DF33E760095C37E /* Movies-iOSTests */ = {
			isa = PBXGroup;
			children = (
				4A3B37F21DF33E760095C37E /* Movies_iOSTests.swift */,
				4A3B37F41DF33E760095C37E /* Info.plist */,
			);
			path = "Movies-iOSTests";
			sourceTree = "<group>";
		};
		4A3B37FC1DF33E760095C37E /* Movies-iOSUITests */ = {
			isa = PBXGroup;
			children = (
				4A3B37FD1DF33E760095C37E /* Movies_iOSUITests.swift */,
				4A3B37FF1DF33E760095C37E /* Info.plist */,
			);
			path = "Movies-iOSUITests";
			sourceTree = "<group>";
		};
		4A3B383D1DF345500095C37E /* Controller */ = {
			isa = PBXGroup;
			children = (
				4A3B38451DF3456C0095C37E /* NowPlayingCVController.swift */,
				4A3B38461DF3456C0095C37E /* NowPlayingCVCell.swift */,
				4A3B38471DF3456C0095C37E /* MovieDetailVC.swift */,
			);
			name = Controller;
			sourceTree = "<group>";
		};
		4A3B383E1DF345560095C37E /* Model */ = {
			isa = PBXGroup;
			children = (
				4A3B383F1DF345620095C37E /* Movie.swift */,
				4A3B38401DF345620095C37E /* MoviesManager.swift */,
			);
			name = Model;
			sourceTree = "<group>";
		};
		4A3B38511DF3498E0095C37E /* Controller */ = {
			isa = PBXGroup;
			children = (
				4A3B38571DF349B50095C37E /* NowPlayingCollectionViewController.swift */,
				4A3B38581DF349B50095C37E /* NowPlayingCollectionViewCell.swift */,
				4A3B38591DF349B50095C37E /* MovieDetailViewController.swift */,
			);
			name = Controller;
			sourceTree = "<group>";
		};
		4A3B38521DF349980095C37E /* View */ = {
			isa = PBXGroup;
			children = (
				4A3B38531DF349AB0095C37E /* LaunchScreen.storyboard */,
				4A3B38541DF349AB0095C37E /* Main.storyboard */,
			);
			name = View;
			sourceTree = "<group>";
		};
		4A3B386E1DF34BAF0095C37E /* Movies-tvOS */ = {
			isa = PBXGroup;
			children = (
				4A3B38A01DF34BE20095C37E /* View */,
				4A3B389F1DF34BDC0095C37E /* Controller */,
				4A3B38761DF34BAF0095C37E /* Assets.xcassets */,
				4A3B38781DF34BAF0095C37E /* Info.plist */,
			);
			path = "Movies-tvOS";
			sourceTree = "<group>";
		};
		4A3B38801DF34BAF0095C37E /* Movies-tvOSTests */ = {
			isa = PBXGroup;
			children = (
				4A3B38811DF34BAF0095C37E /* Movies_tvOSTests.swift */,
				4A3B38831DF34BAF0095C37E /* Info.plist */,
			);
			path = "Movies-tvOSTests";
			sourceTree = "<group>";
		};
		4A3B388B1DF34BB00095C37E /* Movies-tvOSUITests */ = {
			isa = PBXGroup;
			children = (
				4A3B388C1DF34BB00095C37E /* Movies_tvOSUITests.swift */,
				4A3B388E1DF34BB00095C37E /* Info.plist */,
			);
			path = "Movies-tvOSUITests";
			sourceTree = "<group>";
		};
		4A3B389F1DF34BDC0095C37E /* Controller */ = {
			isa = PBXGroup;
			children = (
				4A3B38A11DF34BFD0095C37E /* NowPlayingCollectionViewController.swift */,
				4A3B38A21DF34BFD0095C37E /* NowPlayingCollectionViewCell.swift */,
				4A3B38A31DF34BFD0095C37E /* MovieDetailViewController.swift */,
			);
			name = Controller;
			sourceTree = "<group>";
		};
		4A3B38A01DF34BE20095C37E /* View */ = {
			isa = PBXGroup;
			children = (
				4A3B38A71DF34C050095C37E /* Main.storyboard */,
			);
			name = View;
			sourceTree = "<group>";
		};
		4A896AF01DF33BA100A537F1 = {
			isa = PBXGroup;
			children = (
				4A896AFB1DF33BA100A537F1 /* NowPlayingMovies */,
				4A3B37DC1DF33E750095C37E /* Movies-iOS */,
				4A3B37F11DF33E760095C37E /* Movies-iOSTests */,
				4A3B37FC1DF33E760095C37E /* Movies-iOSUITests */,
				4A3B386E1DF34BAF0095C37E /* Movies-tvOS */,
				4A3B38801DF34BAF0095C37E /* Movies-tvOSTests */,
				4A3B388B1DF34BB00095C37E /* Movies-tvOSUITests */,
				4A896AFA1DF33BA100A537F1 /* Products */,
				A0EE202EB6CE6E30D01C8582 /* Pods */,
				D03781B1398538744A3EEF0D /* Frameworks */,
			);
			sourceTree = "<group>";
		};
		4A896AFA1DF33BA100A537F1 /* Products */ = {
			isa = PBXGroup;
			children = (
				4A3B37DB1DF33E750095C37E /* Movies-iOS.app */,
				4A3B37EE1DF33E760095C37E /* Movies-iOSTests.xctest */,
				4A3B37F91DF33E760095C37E /* Movies-iOSUITests.xctest */,
				4A3B386D1DF34BAF0095C37E /* Movies-tvOS.app */,
				4A3B387D1DF34BAF0095C37E /* Movies-tvOSTests.xctest */,
				4A3B38881DF34BB00095C37E /* Movies-tvOSUITests.xctest */,
			);
			name = Products;
			sourceTree = "<group>";
		};
		4A896AFB1DF33BA100A537F1 /* NowPlayingMovies */ = {
			isa = PBXGroup;
			children = (
				4A3B383E1DF345560095C37E /* Model */,
				4A3B383D1DF345500095C37E /* Controller */,
				4A896AFC1DF33BA100A537F1 /* AppDelegate.swift */,
				4A3B384E1DF345AE0095C37E /* Reachability.swift */,
			);
			path = NowPlayingMovies;
			sourceTree = "<group>";
		};
		A0EE202EB6CE6E30D01C8582 /* Pods */ = {
			isa = PBXGroup;
			children = (
				3EFD2A9E490DC7EC9286BAF3 /* Pods-Movies-iOS.debug.xcconfig */,
				E83D0430F3288706C508E2B8 /* Pods-Movies-iOS.release.xcconfig */,
				612D4474CBE355F4AB69D85D /* Pods-Movies-iOSTests.debug.xcconfig */,
				4AF45A8A98C5C02F2517A729 /* Pods-Movies-iOSTests.release.xcconfig */,
				64C840843ED6BA75DD7ABCB8 /* Pods-Movies-iOSUITests.debug.xcconfig */,
				0F47DF0DDA17322F106B19C9 /* Pods-Movies-iOSUITests.release.xcconfig */,
				2D1A48389C1829B5D5B2D2B3 /* Pods-Movies-tvOS.debug.xcconfig */,
				3C5539D9B44DE7AEFF5F5A98 /* Pods-Movies-tvOS.release.xcconfig */,
				8489D78B47694DC829C16A19 /* Pods-Movies-tvOSTests.debug.xcconfig */,
				4E6A47B163F3BE3DD33FA480 /* Pods-Movies-tvOSTests.release.xcconfig */,
				A65F409BE3B9086E7E841974 /* Pods-Movies-tvOSUITests.debug.xcconfig */,
				E79A6F3BD2E7AF1E9FAC4572 /* Pods-Movies-tvOSUITests.release.xcconfig */,
			);
			name = Pods;
			sourceTree = "<group>";
		};
		D03781B1398538744A3EEF0D /* Frameworks */ = {
			isa = PBXGroup;
			children = (
				A3B3595AD6315FA1BEE5A136 /* Pods_Movies_iOS.framework */,
				8A198C2895DC1AE2410E50EF /* Pods_Movies_iOSTests.framework */,
				A3335D1DC72A377ED959551A /* Pods_Movies_iOSUITests.framework */,
				B56CB196655608517A71C234 /* Pods_Movies_tvOS.framework */,
				D2C64468038B31020DD8CBC2 /* Pods_Movies_tvOSTests.framework */,
				10A75D0D2A4D831663E1732E /* Pods_Movies_tvOSUITests.framework */,
			);
			name = Frameworks;
			sourceTree = "<group>";
		};
/* End PBXGroup section */

/* Begin PBXNativeTarget section */
		4A3B37DA1DF33E750095C37E /* Movies-iOS */ = {
			isa = PBXNativeTarget;
			buildConfigurationList = 4A3B38001DF33E760095C37E /* Build configuration list for PBXNativeTarget "Movies-iOS" */;
			buildPhases = (
				9F22694341D2A7BE2958D42D /* [CP] Check Pods Manifest.lock */,
				4A3B37D71DF33E750095C37E /* Sources */,
				4A3B37D81DF33E750095C37E /* Frameworks */,
				4A3B37D91DF33E750095C37E /* Resources */,
				AB6FE97D6723EFFB1619B1FA /* [CP] Embed Pods Frameworks */,
				ADB1427381905D44822A0E3D /* [CP] Copy Pods Resources */,
			);
			buildRules = (
			);
			dependencies = (
			);
			name = "Movies-iOS";
			productName = "Movies-iOS";
			productReference = 4A3B37DB1DF33E750095C37E /* Movies-iOS.app */;
			productType = "com.apple.product-type.application";
		};
		4A3B37ED1DF33E760095C37E /* Movies-iOSTests */ = {
			isa = PBXNativeTarget;
			buildConfigurationList = 4A3B38031DF33E760095C37E /* Build configuration list for PBXNativeTarget "Movies-iOSTests" */;
			buildPhases = (
				C5292C2FA864E8D88FCE2ACD /* [CP] Check Pods Manifest.lock */,
				4A3B37EA1DF33E760095C37E /* Sources */,
				4A3B37EB1DF33E760095C37E /* Frameworks */,
				4A3B37EC1DF33E760095C37E /* Resources */,
				DD9A4284393B2D23F35C77CB /* [CP] Embed Pods Frameworks */,
				3F2FA991FDE9AC6B29B6C9C6 /* [CP] Copy Pods Resources */,
			);
			buildRules = (
			);
			dependencies = (
				4A3B37F01DF33E760095C37E /* PBXTargetDependency */,
			);
			name = "Movies-iOSTests";
			productName = "Movies-iOSTests";
			productReference = 4A3B37EE1DF33E760095C37E /* Movies-iOSTests.xctest */;
			productType = "com.apple.product-type.bundle.unit-test";
		};
		4A3B37F81DF33E760095C37E /* Movies-iOSUITests */ = {
			isa = PBXNativeTarget;
			buildConfigurationList = 4A3B38061DF33E760095C37E /* Build configuration list for PBXNativeTarget "Movies-iOSUITests" */;
			buildPhases = (
				BDACF2BFBAA821D35B3BFD7D /* [CP] Check Pods Manifest.lock */,
				4A3B37F51DF33E760095C37E /* Sources */,
				4A3B37F61DF33E760095C37E /* Frameworks */,
				4A3B37F71DF33E760095C37E /* Resources */,
				8AEA505CB534B960DD29940A /* [CP] Embed Pods Frameworks */,
				B94896664011FDCEB5D0CF40 /* [CP] Copy Pods Resources */,
			);
			buildRules = (
			);
			dependencies = (
				4A3B37FB1DF33E760095C37E /* PBXTargetDependency */,
			);
			name = "Movies-iOSUITests";
			productName = "Movies-iOSUITests";
			productReference = 4A3B37F91DF33E760095C37E /* Movies-iOSUITests.xctest */;
			productType = "com.apple.product-type.bundle.ui-testing";
		};
		4A3B386C1DF34BAF0095C37E /* Movies-tvOS */ = {
			isa = PBXNativeTarget;
			buildConfigurationList = 4A3B388F1DF34BB00095C37E /* Build configuration list for PBXNativeTarget "Movies-tvOS" */;
			buildPhases = (
				2ECCC2D3B35F9CC216D440F5 /* [CP] Check Pods Manifest.lock */,
				4A3B38691DF34BAF0095C37E /* Sources */,
				4A3B386A1DF34BAF0095C37E /* Frameworks */,
				4A3B386B1DF34BAF0095C37E /* Resources */,
				C28C68ABB79B379B0C7FC4AF /* [CP] Embed Pods Frameworks */,
				B136491DC1663B325DCF05C1 /* [CP] Copy Pods Resources */,
			);
			buildRules = (
			);
			dependencies = (
			);
			name = "Movies-tvOS";
			productName = "Movies-tvOS";
			productReference = 4A3B386D1DF34BAF0095C37E /* Movies-tvOS.app */;
			productType = "com.apple.product-type.application";
		};
		4A3B387C1DF34BAF0095C37E /* Movies-tvOSTests */ = {
			isa = PBXNativeTarget;
			buildConfigurationList = 4A3B38921DF34BB00095C37E /* Build configuration list for PBXNativeTarget "Movies-tvOSTests" */;
			buildPhases = (
				7ACC4BA16155F38669ACCDAC /* [CP] Check Pods Manifest.lock */,
				4A3B38791DF34BAF0095C37E /* Sources */,
				4A3B387A1DF34BAF0095C37E /* Frameworks */,
				4A3B387B1DF34BAF0095C37E /* Resources */,
				B53831EDA322C7BB78B061A8 /* [CP] Embed Pods Frameworks */,
				97AA493BBDA19F8B633EA8FD /* [CP] Copy Pods Resources */,
			);
			buildRules = (
			);
			dependencies = (
				4A3B387F1DF34BAF0095C37E /* PBXTargetDependency */,
			);
			name = "Movies-tvOSTests";
			productName = "Movies-tvOSTests";
			productReference = 4A3B387D1DF34BAF0095C37E /* Movies-tvOSTests.xctest */;
			productType = "com.apple.product-type.bundle.unit-test";
		};
		4A3B38871DF34BB00095C37E /* Movies-tvOSUITests */ = {
			isa = PBXNativeTarget;
			buildConfigurationList = 4A3B38951DF34BB00095C37E /* Build configuration list for PBXNativeTarget "Movies-tvOSUITests" */;
			buildPhases = (
				DC5F47B9F238DCD88E510026 /* [CP] Check Pods Manifest.lock */,
				4A3B38841DF34BB00095C37E /* Sources */,
				4A3B38851DF34BB00095C37E /* Frameworks */,
				4A3B38861DF34BB00095C37E /* Resources */,
				601C8142F209A31AF69415A4 /* [CP] Embed Pods Frameworks */,
				E55EC19D13C4A7F4F9515DC5 /* [CP] Copy Pods Resources */,
			);
			buildRules = (
			);
			dependencies = (
				4A3B388A1DF34BB00095C37E /* PBXTargetDependency */,
			);
			name = "Movies-tvOSUITests";
			productName = "Movies-tvOSUITests";
			productReference = 4A3B38881DF34BB00095C37E /* Movies-tvOSUITests.xctest */;
			productType = "com.apple.product-type.bundle.ui-testing";
		};
/* End PBXNativeTarget section */

/* Begin PBXProject section */
		4A896AF11DF33BA100A537F1 /* Project object */ = {
			isa = PBXProject;
			attributes = {
				LastSwiftUpdateCheck = 0810;
				LastUpgradeCheck = 0810;
				ORGANIZATIONNAME = DevMac;
				TargetAttributes = {
					4A3B37DA1DF33E750095C37E = {
						CreatedOnToolsVersion = 8.1;
						DevelopmentTeam = 8BQ32C87WW;
						ProvisioningStyle = Automatic;
					};
					4A3B37ED1DF33E760095C37E = {
						CreatedOnToolsVersion = 8.1;
						DevelopmentTeam = 8BQ32C87WW;
						ProvisioningStyle = Automatic;
						TestTargetID = 4A3B37DA1DF33E750095C37E;
					};
					4A3B37F81DF33E760095C37E = {
						CreatedOnToolsVersion = 8.1;
						DevelopmentTeam = 8BQ32C87WW;
						ProvisioningStyle = Automatic;
						TestTargetID = 4A3B37DA1DF33E750095C37E;
					};
					4A3B386C1DF34BAF0095C37E = {
						CreatedOnToolsVersion = 8.1;
						DevelopmentTeam = 8BQ32C87WW;
						ProvisioningStyle = Automatic;
					};
					4A3B387C1DF34BAF0095C37E = {
						CreatedOnToolsVersion = 8.1;
						DevelopmentTeam = 8BQ32C87WW;
						ProvisioningStyle = Automatic;
						TestTargetID = 4A3B386C1DF34BAF0095C37E;
					};
					4A3B38871DF34BB00095C37E = {
						CreatedOnToolsVersion = 8.1;
						DevelopmentTeam = 8BQ32C87WW;
						ProvisioningStyle = Automatic;
						TestTargetID = 4A3B386C1DF34BAF0095C37E;
					};
				};
			};
			buildConfigurationList = 4A896AF41DF33BA100A537F1 /* Build configuration list for PBXProject "NowPlayingMovies" */;
			compatibilityVersion = "Xcode 3.2";
			developmentRegion = English;
			hasScannedForEncodings = 0;
			knownRegions = (
				en,
				Base,
			);
			mainGroup = 4A896AF01DF33BA100A537F1;
			productRefGroup = 4A896AFA1DF33BA100A537F1 /* Products */;
			projectDirPath = "";
			projectRoot = "";
			targets = (
				4A3B37DA1DF33E750095C37E /* Movies-iOS */,
				4A3B37ED1DF33E760095C37E /* Movies-iOSTests */,
				4A3B37F81DF33E760095C37E /* Movies-iOSUITests */,
				4A3B386C1DF34BAF0095C37E /* Movies-tvOS */,
				4A3B387C1DF34BAF0095C37E /* Movies-tvOSTests */,
				4A3B38871DF34BB00095C37E /* Movies-tvOSUITests */,
			);
		};
/* End PBXProject section */

/* Begin PBXResourcesBuildPhase section */
		4A3B37D91DF33E750095C37E /* Resources */ = {
			isa = PBXResourcesBuildPhase;
			buildActionMask = 2147483647;
			files = (
				4A3B38551DF349AB0095C37E /* LaunchScreen.storyboard in Resources */,
				4A3B385E1DF349BD0095C37E /* Assets.xcassets in Resources */,
				4A3B38561DF349AB0095C37E /* Main.storyboard in Resources */,
			);
			runOnlyForDeploymentPostprocessing = 0;
		};
		4A3B37EC1DF33E760095C37E /* Resources */ = {
			isa = PBXResourcesBuildPhase;
			buildActionMask = 2147483647;
			files = (
			);
			runOnlyForDeploymentPostprocessing = 0;
		};
		4A3B37F71DF33E760095C37E /* Resources */ = {
			isa = PBXResourcesBuildPhase;
			buildActionMask = 2147483647;
			files = (
			);
			runOnlyForDeploymentPostprocessing = 0;
		};
		4A3B386B1DF34BAF0095C37E /* Resources */ = {
			isa = PBXResourcesBuildPhase;
			buildActionMask = 2147483647;
			files = (
				4A3B38771DF34BAF0095C37E /* Assets.xcassets in Resources */,
				4A3B38A81DF34C050095C37E /* Main.storyboard in Resources */,
			);
			runOnlyForDeploymentPostprocessing = 0;
		};
		4A3B387B1DF34BAF0095C37E /* Resources */ = {
			isa = PBXResourcesBuildPhase;
			buildActionMask = 2147483647;
			files = (
			);
			runOnlyForDeploymentPostprocessing = 0;
		};
		4A3B38861DF34BB00095C37E /* Resources */ = {
			isa = PBXResourcesBuildPhase;
			buildActionMask = 2147483647;
			files = (
			);
			runOnlyForDeploymentPostprocessing = 0;
		};
/* End PBXResourcesBuildPhase section */

/* Begin PBXShellScriptBuildPhase section */
		2ECCC2D3B35F9CC216D440F5 /* [CP] Check Pods Manifest.lock */ = {
			isa = PBXShellScriptBuildPhase;
			buildActionMask = 2147483647;
			files = (
			);
			inputPaths = (
			);
			name = "[CP] Check Pods Manifest.lock";
			outputPaths = (
			);
			runOnlyForDeploymentPostprocessing = 0;
			shellPath = /bin/sh;
			shellScript = "diff \"${PODS_ROOT}/../Podfile.lock\" \"${PODS_ROOT}/Manifest.lock\" > /dev/null\nif [ $? != 0 ] ; then\n    # print error to STDERR\n    echo \"error: The sandbox is not in sync with the Podfile.lock. Run 'pod install' or update your CocoaPods installation.\" >&2\n    exit 1\nfi\n";
			showEnvVarsInLog = 0;
		};
		3F2FA991FDE9AC6B29B6C9C6 /* [CP] Copy Pods Resources */ = {
			isa = PBXShellScriptBuildPhase;
			buildActionMask = 2147483647;
			files = (
			);
			inputPaths = (
			);
			name = "[CP] Copy Pods Resources";
			outputPaths = (
			);
			runOnlyForDeploymentPostprocessing = 0;
			shellPath = /bin/sh;
			shellScript = "\"${SRCROOT}/Pods/Target Support Files/Pods-Movies-iOSTests/Pods-Movies-iOSTests-resources.sh\"\n";
			showEnvVarsInLog = 0;
		};
		601C8142F209A31AF69415A4 /* [CP] Embed Pods Frameworks */ = {
			isa = PBXShellScriptBuildPhase;
			buildActionMask = 2147483647;
			files = (
			);
			inputPaths = (
			);
			name = "[CP] Embed Pods Frameworks";
			outputPaths = (
			);
			runOnlyForDeploymentPostprocessing = 0;
			shellPath = /bin/sh;
			shellScript = "\"${SRCROOT}/Pods/Target Support Files/Pods-Movies-tvOSUITests/Pods-Movies-tvOSUITests-frameworks.sh\"\n";
			showEnvVarsInLog = 0;
		};
		7ACC4BA16155F38669ACCDAC /* [CP] Check Pods Manifest.lock */ = {
			isa = PBXShellScriptBuildPhase;
			buildActionMask = 2147483647;
			files = (
			);
			inputPaths = (
			);
			name = "[CP] Check Pods Manifest.lock";
			outputPaths = (
			);
			runOnlyForDeploymentPostprocessing = 0;
			shellPath = /bin/sh;
			shellScript = "diff \"${PODS_ROOT}/../Podfile.lock\" \"${PODS_ROOT}/Manifest.lock\" > /dev/null\nif [ $? != 0 ] ; then\n    # print error to STDERR\n    echo \"error: The sandbox is not in sync with the Podfile.lock. Run 'pod install' or update your CocoaPods installation.\" >&2\n    exit 1\nfi\n";
			showEnvVarsInLog = 0;
		};
		8AEA505CB534B960DD29940A /* [CP] Embed Pods Frameworks */ = {
			isa = PBXShellScriptBuildPhase;
			buildActionMask = 2147483647;
			files = (
			);
			inputPaths = (
			);
			name = "[CP] Embed Pods Frameworks";
			outputPaths = (
			);
			runOnlyForDeploymentPostprocessing = 0;
			shellPath = /bin/sh;
			shellScript = "\"${SRCROOT}/Pods/Target Support Files/Pods-Movies-iOSUITests/Pods-Movies-iOSUITests-frameworks.sh\"\n";
			showEnvVarsInLog = 0;
		};
		97AA493BBDA19F8B633EA8FD /* [CP] Copy Pods Resources */ = {
			isa = PBXShellScriptBuildPhase;
			buildActionMask = 2147483647;
			files = (
			);
			inputPaths = (
			);
			name = "[CP] Copy Pods Resources";
			outputPaths = (
			);
			runOnlyForDeploymentPostprocessing = 0;
			shellPath = /bin/sh;
			shellScript = "\"${SRCROOT}/Pods/Target Support Files/Pods-Movies-tvOSTests/Pods-Movies-tvOSTests-resources.sh\"\n";
			showEnvVarsInLog = 0;
		};
		9F22694341D2A7BE2958D42D /* [CP] Check Pods Manifest.lock */ = {
			isa = PBXShellScriptBuildPhase;
			buildActionMask = 2147483647;
			files = (
			);
			inputPaths = (
			);
			name = "[CP] Check Pods Manifest.lock";
			outputPaths = (
			);
			runOnlyForDeploymentPostprocessing = 0;
			shellPath = /bin/sh;
			shellScript = "diff \"${PODS_ROOT}/../Podfile.lock\" \"${PODS_ROOT}/Manifest.lock\" > /dev/null\nif [ $? != 0 ] ; then\n    # print error to STDERR\n    echo \"error: The sandbox is not in sync with the Podfile.lock. Run 'pod install' or update your CocoaPods installation.\" >&2\n    exit 1\nfi\n";
			showEnvVarsInLog = 0;
		};
		AB6FE97D6723EFFB1619B1FA /* [CP] Embed Pods Frameworks */ = {
			isa = PBXShellScriptBuildPhase;
			buildActionMask = 2147483647;
			files = (
			);
			inputPaths = (
			);
			name = "[CP] Embed Pods Frameworks";
			outputPaths = (
			);
			runOnlyForDeploymentPostprocessing = 0;
			shellPath = /bin/sh;
			shellScript = "\"${SRCROOT}/Pods/Target Support Files/Pods-Movies-iOS/Pods-Movies-iOS-frameworks.sh\"\n";
			showEnvVarsInLog = 0;
		};
		ADB1427381905D44822A0E3D /* [CP] Copy Pods Resources */ = {
			isa = PBXShellScriptBuildPhase;
			buildActionMask = 2147483647;
			files = (
			);
			inputPaths = (
			);
			name = "[CP] Copy Pods Resources";
			outputPaths = (
			);
			runOnlyForDeploymentPostprocessing = 0;
			shellPath = /bin/sh;
			shellScript = "\"${SRCROOT}/Pods/Target Support Files/Pods-Movies-iOS/Pods-Movies-iOS-resources.sh\"\n";
			showEnvVarsInLog = 0;
		};
		B136491DC1663B325DCF05C1 /* [CP] Copy Pods Resources */ = {
			isa = PBXShellScriptBuildPhase;
			buildActionMask = 2147483647;
			files = (
			);
			inputPaths = (
			);
			name = "[CP] Copy Pods Resources";
			outputPaths = (
			);
			runOnlyForDeploymentPostprocessing = 0;
			shellPath = /bin/sh;
			shellScript = "\"${SRCROOT}/Pods/Target Support Files/Pods-Movies-tvOS/Pods-Movies-tvOS-resources.sh\"\n";
			showEnvVarsInLog = 0;
		};
		B53831EDA322C7BB78B061A8 /* [CP] Embed Pods Frameworks */ = {
			isa = PBXShellScriptBuildPhase;
			buildActionMask = 2147483647;
			files = (
			);
			inputPaths = (
			);
			name = "[CP] Embed Pods Frameworks";
			outputPaths = (
			);
			runOnlyForDeploymentPostprocessing = 0;
			shellPath = /bin/sh;
			shellScript = "\"${SRCROOT}/Pods/Target Support Files/Pods-Movies-tvOSTests/Pods-Movies-tvOSTests-frameworks.sh\"\n";
			showEnvVarsInLog = 0;
		};
		B94896664011FDCEB5D0CF40 /* [CP] Copy Pods Resources */ = {
			isa = PBXShellScriptBuildPhase;
			buildActionMask = 2147483647;
			files = (
			);
			inputPaths = (
			);
			name = "[CP] Copy Pods Resources";
			outputPaths = (
			);
			runOnlyForDeploymentPostprocessing = 0;
			shellPath = /bin/sh;
			shellScript = "\"${SRCROOT}/Pods/Target Support Files/Pods-Movies-iOSUITests/Pods-Movies-iOSUITests-resources.sh\"\n";
			showEnvVarsInLog = 0;
		};
		BDACF2BFBAA821D35B3BFD7D /* [CP] Check Pods Manifest.lock */ = {
			isa = PBXShellScriptBuildPhase;
			buildActionMask = 2147483647;
			files = (
			);
			inputPaths = (
			);
			name = "[CP] Check Pods Manifest.lock";
			outputPaths = (
			);
			runOnlyForDeploymentPostprocessing = 0;
			shellPath = /bin/sh;
			shellScript = "diff \"${PODS_ROOT}/../Podfile.lock\" \"${PODS_ROOT}/Manifest.lock\" > /dev/null\nif [ $? != 0 ] ; then\n    # print error to STDERR\n    echo \"error: The sandbox is not in sync with the Podfile.lock. Run 'pod install' or update your CocoaPods installation.\" >&2\n    exit 1\nfi\n";
			showEnvVarsInLog = 0;
		};
		C28C68ABB79B379B0C7FC4AF /* [CP] Embed Pods Frameworks */ = {
			isa = PBXShellScriptBuildPhase;
			buildActionMask = 2147483647;
			files = (
			);
			inputPaths = (
			);
			name = "[CP] Embed Pods Frameworks";
			outputPaths = (
			);
			runOnlyForDeploymentPostprocessing = 0;
			shellPath = /bin/sh;
			shellScript = "\"${SRCROOT}/Pods/Target Support Files/Pods-Movies-tvOS/Pods-Movies-tvOS-frameworks.sh\"\n";
			showEnvVarsInLog = 0;
		};
		C5292C2FA864E8D88FCE2ACD /* [CP] Check Pods Manifest.lock */ = {
			isa = PBXShellScriptBuildPhase;
			buildActionMask = 2147483647;
			files = (
			);
			inputPaths = (
			);
			name = "[CP] Check Pods Manifest.lock";
			outputPaths = (
			);
			runOnlyForDeploymentPostprocessing = 0;
			shellPath = /bin/sh;
			shellScript = "diff \"${PODS_ROOT}/../Podfile.lock\" \"${PODS_ROOT}/Manifest.lock\" > /dev/null\nif [ $? != 0 ] ; then\n    # print error to STDERR\n    echo \"error: The sandbox is not in sync with the Podfile.lock. Run 'pod install' or update your CocoaPods installation.\" >&2\n    exit 1\nfi\n";
			showEnvVarsInLog = 0;
		};
		DC5F47B9F238DCD88E510026 /* [CP] Check Pods Manifest.lock */ = {
			isa = PBXShellScriptBuildPhase;
			buildActionMask = 2147483647;
			files = (
			);
			inputPaths = (
			);
			name = "[CP] Check Pods Manifest.lock";
			outputPaths = (
			);
			runOnlyForDeploymentPostprocessing = 0;
			shellPath = /bin/sh;
			shellScript = "diff \"${PODS_ROOT}/../Podfile.lock\" \"${PODS_ROOT}/Manifest.lock\" > /dev/null\nif [ $? != 0 ] ; then\n    # print error to STDERR\n    echo \"error: The sandbox is not in sync with the Podfile.lock. Run 'pod install' or update your CocoaPods installation.\" >&2\n    exit 1\nfi\n";
			showEnvVarsInLog = 0;
		};
		DD9A4284393B2D23F35C77CB /* [CP] Embed Pods Frameworks */ = {
			isa = PBXShellScriptBuildPhase;
			buildActionMask = 2147483647;
			files = (
			);
			inputPaths = (
			);
			name = "[CP] Embed Pods Frameworks";
			outputPaths = (
			);
			runOnlyForDeploymentPostprocessing = 0;
			shellPath = /bin/sh;
			shellScript = "\"${SRCROOT}/Pods/Target Support Files/Pods-Movies-iOSTests/Pods-Movies-iOSTests-frameworks.sh\"\n";
			showEnvVarsInLog = 0;
		};
		E55EC19D13C4A7F4F9515DC5 /* [CP] Copy Pods Resources */ = {
			isa = PBXShellScriptBuildPhase;
			buildActionMask = 2147483647;
			files = (
			);
			inputPaths = (
			);
			name = "[CP] Copy Pods Resources";
			outputPaths = (
			);
			runOnlyForDeploymentPostprocessing = 0;
			shellPath = /bin/sh;
			shellScript = "\"${SRCROOT}/Pods/Target Support Files/Pods-Movies-tvOSUITests/Pods-Movies-tvOSUITests-resources.sh\"\n";
			showEnvVarsInLog = 0;
		};
/* End PBXShellScriptBuildPhase section */

/* Begin PBXSourcesBuildPhase section */
		4A3B37D71DF33E750095C37E /* Sources */ = {
			isa = PBXSourcesBuildPhase;
			buildActionMask = 2147483647;
			files = (
				4A3B384C1DF3456C0095C37E /* MovieDetailVC.swift in Sources */,
				4A3B384A1DF3456C0095C37E /* NowPlayingCVCell.swift in Sources */,
				4A3B38431DF345620095C37E /* MoviesManager.swift in Sources */,
				4A3B38481DF3456C0095C37E /* NowPlayingCVController.swift in Sources */,
				4A3B383B1DF33EAC0095C37E /* AppDelegate.swift in Sources */,
				4A3B384F1DF345AE0095C37E /* Reachability.swift in Sources */,
				4A3B385C1DF349B50095C37E /* MovieDetailViewController.swift in Sources */,
				4A3B385A1DF349B50095C37E /* NowPlayingCollectionViewController.swift in Sources */,
				4A3B38411DF345620095C37E /* Movie.swift in Sources */,
				4A3B385B1DF349B50095C37E /* NowPlayingCollectionViewCell.swift in Sources */,
			);
			runOnlyForDeploymentPostprocessing = 0;
		};
		4A3B37EA1DF33E760095C37E /* Sources */ = {
			isa = PBXSourcesBuildPhase;
			buildActionMask = 2147483647;
			files = (
				4A3B37F31DF33E760095C37E /* Movies_iOSTests.swift in Sources */,
			);
			runOnlyForDeploymentPostprocessing = 0;
		};
		4A3B37F51DF33E760095C37E /* Sources */ = {
			isa = PBXSourcesBuildPhase;
			buildActionMask = 2147483647;
			files = (
				4A3B37FE1DF33E760095C37E /* Movies_iOSUITests.swift in Sources */,
			);
			runOnlyForDeploymentPostprocessing = 0;
		};
		4A3B38691DF34BAF0095C37E /* Sources */ = {
			isa = PBXSourcesBuildPhase;
			buildActionMask = 2147483647;
			files = (
				4A3B389D1DF34BC50095C37E /* AppDelegate.swift in Sources */,
				4A3B389C1DF34BC20095C37E /* MovieDetailVC.swift in Sources */,
				4A3B389B1DF34BC20095C37E /* NowPlayingCVCell.swift in Sources */,
				4A3B38991DF34BBC0095C37E /* MoviesManager.swift in Sources */,
				4A3B389A1DF34BC20095C37E /* NowPlayingCVController.swift in Sources */,
				4A3B389E1DF34BC50095C37E /* Reachability.swift in Sources */,
				4A3B38A61DF34BFD0095C37E /* MovieDetailViewController.swift in Sources */,
				4A3B38A41DF34BFD0095C37E /* NowPlayingCollectionViewController.swift in Sources */,
				4A3B38981DF34BB90095C37E /* Movie.swift in Sources */,
				4A3B38A51DF34BFD0095C37E /* NowPlayingCollectionViewCell.swift in Sources */,
			);
			runOnlyForDeploymentPostprocessing = 0;
		};
		4A3B38791DF34BAF0095C37E /* Sources */ = {
			isa = PBXSourcesBuildPhase;
			buildActionMask = 2147483647;
			files = (
				4A3B38821DF34BAF0095C37E /* Movies_tvOSTests.swift in Sources */,
			);
			runOnlyForDeploymentPostprocessing = 0;
		};
		4A3B38841DF34BB00095C37E /* Sources */ = {
			isa = PBXSourcesBuildPhase;
			buildActionMask = 2147483647;
			files = (
				4A3B388D1DF34BB00095C37E /* Movies_tvOSUITests.swift in Sources */,
			);
			runOnlyForDeploymentPostprocessing = 0;
		};
/* End PBXSourcesBuildPhase section */

/* Begin PBXTargetDependency section */
		4A3B37F01DF33E760095C37E /* PBXTargetDependency */ = {
			isa = PBXTargetDependency;
			target = 4A3B37DA1DF33E750095C37E /* Movies-iOS */;
			targetProxy = 4A3B37EF1DF33E760095C37E /* PBXContainerItemProxy */;
		};
		4A3B37FB1DF33E760095C37E /* PBXTargetDependency */ = {
			isa = PBXTargetDependency;
			target = 4A3B37DA1DF33E750095C37E /* Movies-iOS */;
			targetProxy = 4A3B37FA1DF33E760095C37E /* PBXContainerItemProxy */;
		};
		4A3B387F1DF34BAF0095C37E /* PBXTargetDependency */ = {
			isa = PBXTargetDependency;
			target = 4A3B386C1DF34BAF0095C37E /* Movies-tvOS */;
			targetProxy = 4A3B387E1DF34BAF0095C37E /* PBXContainerItemProxy */;
		};
		4A3B388A1DF34BB00095C37E /* PBXTargetDependency */ = {
			isa = PBXTargetDependency;
			target = 4A3B386C1DF34BAF0095C37E /* Movies-tvOS */;
			targetProxy = 4A3B38891DF34BB00095C37E /* PBXContainerItemProxy */;
		};
/* End PBXTargetDependency section */

/* Begin XCBuildConfiguration section */
		4A3B38011DF33E760095C37E /* Debug */ = {
			isa = XCBuildConfiguration;
			baseConfigurationReference = 3EFD2A9E490DC7EC9286BAF3 /* Pods-Movies-iOS.debug.xcconfig */;
			buildSettings = {
				ASSETCATALOG_COMPILER_APPICON_NAME = AppIcon;
				DEVELOPMENT_TEAM = 8BQ32C87WW;
				INFOPLIST_FILE = "Movies-iOS/Info.plist";
				LD_RUNPATH_SEARCH_PATHS = "$(inherited) @executable_path/Frameworks";
				PRODUCT_BUNDLE_IDENTIFIER = "br.com.devmac.Movies-iOS";
				PRODUCT_NAME = "$(TARGET_NAME)";
				SWIFT_VERSION = 3.0;
			};
			name = Debug;
		};
		4A3B38021DF33E760095C37E /* Release */ = {
			isa = XCBuildConfiguration;
			baseConfigurationReference = E83D0430F3288706C508E2B8 /* Pods-Movies-iOS.release.xcconfig */;
			buildSettings = {
				ASSETCATALOG_COMPILER_APPICON_NAME = AppIcon;
				DEVELOPMENT_TEAM = 8BQ32C87WW;
				INFOPLIST_FILE = "Movies-iOS/Info.plist";
				LD_RUNPATH_SEARCH_PATHS = "$(inherited) @executable_path/Frameworks";
				PRODUCT_BUNDLE_IDENTIFIER = "br.com.devmac.Movies-iOS";
				PRODUCT_NAME = "$(TARGET_NAME)";
				SWIFT_VERSION = 3.0;
			};
			name = Release;
		};
		4A3B38041DF33E760095C37E /* Debug */ = {
			isa = XCBuildConfiguration;
			baseConfigurationReference = 612D4474CBE355F4AB69D85D /* Pods-Movies-iOSTests.debug.xcconfig */;
			buildSettings = {
				ALWAYS_EMBED_SWIFT_STANDARD_LIBRARIES = YES;
				BUNDLE_LOADER = "$(TEST_HOST)";
				DEVELOPMENT_TEAM = 8BQ32C87WW;
				INFOPLIST_FILE = "Movies-iOSTests/Info.plist";
				LD_RUNPATH_SEARCH_PATHS = "$(inherited) @executable_path/Frameworks @loader_path/Frameworks";
				PRODUCT_BUNDLE_IDENTIFIER = "br.com.devmac.Movies-iOSTests";
				PRODUCT_NAME = "$(TARGET_NAME)";
				SWIFT_VERSION = 3.0;
				TEST_HOST = "$(BUILT_PRODUCTS_DIR)/Movies-iOS.app/Movies-iOS";
			};
			name = Debug;
		};
		4A3B38051DF33E760095C37E /* Release */ = {
			isa = XCBuildConfiguration;
			baseConfigurationReference = 4AF45A8A98C5C02F2517A729 /* Pods-Movies-iOSTests.release.xcconfig */;
			buildSettings = {
				ALWAYS_EMBED_SWIFT_STANDARD_LIBRARIES = YES;
				BUNDLE_LOADER = "$(TEST_HOST)";
				DEVELOPMENT_TEAM = 8BQ32C87WW;
				INFOPLIST_FILE = "Movies-iOSTests/Info.plist";
				LD_RUNPATH_SEARCH_PATHS = "$(inherited) @executable_path/Frameworks @loader_path/Frameworks";
				PRODUCT_BUNDLE_IDENTIFIER = "br.com.devmac.Movies-iOSTests";
				PRODUCT_NAME = "$(TARGET_NAME)";
				SWIFT_VERSION = 3.0;
				TEST_HOST = "$(BUILT_PRODUCTS_DIR)/Movies-iOS.app/Movies-iOS";
			};
			name = Release;
		};
		4A3B38071DF33E760095C37E /* Debug */ = {
			isa = XCBuildConfiguration;
			baseConfigurationReference = 64C840843ED6BA75DD7ABCB8 /* Pods-Movies-iOSUITests.debug.xcconfig */;
			buildSettings = {
				ALWAYS_EMBED_SWIFT_STANDARD_LIBRARIES = YES;
				DEVELOPMENT_TEAM = 8BQ32C87WW;
				INFOPLIST_FILE = "Movies-iOSUITests/Info.plist";
				LD_RUNPATH_SEARCH_PATHS = "$(inherited) @executable_path/Frameworks @loader_path/Frameworks";
				PRODUCT_BUNDLE_IDENTIFIER = "br.com.devmac.Movies-iOSUITests";
				PRODUCT_NAME = "$(TARGET_NAME)";
				SWIFT_VERSION = 3.0;
				TEST_TARGET_NAME = "Movies-iOS";
			};
			name = Debug;
		};
		4A3B38081DF33E760095C37E /* Release */ = {
			isa = XCBuildConfiguration;
			baseConfigurationReference = 0F47DF0DDA17322F106B19C9 /* Pods-Movies-iOSUITests.release.xcconfig */;
			buildSettings = {
				ALWAYS_EMBED_SWIFT_STANDARD_LIBRARIES = YES;
				DEVELOPMENT_TEAM = 8BQ32C87WW;
				INFOPLIST_FILE = "Movies-iOSUITests/Info.plist";
				LD_RUNPATH_SEARCH_PATHS = "$(inherited) @executable_path/Frameworks @loader_path/Frameworks";
				PRODUCT_BUNDLE_IDENTIFIER = "br.com.devmac.Movies-iOSUITests";
				PRODUCT_NAME = "$(TARGET_NAME)";
				SWIFT_VERSION = 3.0;
				TEST_TARGET_NAME = "Movies-iOS";
			};
			name = Release;
		};
		4A3B38901DF34BB00095C37E /* Debug */ = {
			isa = XCBuildConfiguration;
			baseConfigurationReference = 2D1A48389C1829B5D5B2D2B3 /* Pods-Movies-tvOS.debug.xcconfig */;
			buildSettings = {
				ASSETCATALOG_COMPILER_APPICON_NAME = "App Icon & Top Shelf Image";
				ASSETCATALOG_COMPILER_LAUNCHIMAGE_NAME = LaunchImage;
				DEVELOPMENT_TEAM = 8BQ32C87WW;
				INFOPLIST_FILE = "Movies-tvOS/Info.plist";
				LD_RUNPATH_SEARCH_PATHS = "$(inherited) @executable_path/Frameworks";
				PRODUCT_BUNDLE_IDENTIFIER = "br.com.devmac.Movies-tvOS";
				PRODUCT_NAME = "$(TARGET_NAME)";
				SDKROOT = appletvos;
				SWIFT_VERSION = 3.0;
				TARGETED_DEVICE_FAMILY = 3;
				TVOS_DEPLOYMENT_TARGET = 10.0;
			};
			name = Debug;
		};
		4A3B38911DF34BB00095C37E /* Release */ = {
			isa = XCBuildConfiguration;
			baseConfigurationReference = 3C5539D9B44DE7AEFF5F5A98 /* Pods-Movies-tvOS.release.xcconfig */;
			buildSettings = {
				ASSETCATALOG_COMPILER_APPICON_NAME = "App Icon & Top Shelf Image";
				ASSETCATALOG_COMPILER_LAUNCHIMAGE_NAME = LaunchImage;
				DEVELOPMENT_TEAM = 8BQ32C87WW;
				INFOPLIST_FILE = "Movies-tvOS/Info.plist";
				LD_RUNPATH_SEARCH_PATHS = "$(inherited) @executable_path/Frameworks";
				PRODUCT_BUNDLE_IDENTIFIER = "br.com.devmac.Movies-tvOS";
				PRODUCT_NAME = "$(TARGET_NAME)";
				SDKROOT = appletvos;
				SWIFT_VERSION = 3.0;
				TARGETED_DEVICE_FAMILY = 3;
				TVOS_DEPLOYMENT_TARGET = 10.0;
			};
			name = Release;
		};
		4A3B38931DF34BB00095C37E /* Debug */ = {
			isa = XCBuildConfiguration;
			baseConfigurationReference = 8489D78B47694DC829C16A19 /* Pods-Movies-tvOSTests.debug.xcconfig */;
			buildSettings = {
				ALWAYS_EMBED_SWIFT_STANDARD_LIBRARIES = YES;
				BUNDLE_LOADER = "$(TEST_HOST)";
				DEVELOPMENT_TEAM = 8BQ32C87WW;
				INFOPLIST_FILE = "Movies-tvOSTests/Info.plist";
				LD_RUNPATH_SEARCH_PATHS = "$(inherited) @executable_path/Frameworks @loader_path/Frameworks";
				PRODUCT_BUNDLE_IDENTIFIER = "br.com.devmac.Movies-tvOSTests";
				PRODUCT_NAME = "$(TARGET_NAME)";
				SDKROOT = appletvos;
				SWIFT_VERSION = 3.0;
				TEST_HOST = "$(BUILT_PRODUCTS_DIR)/Movies-tvOS.app/Movies-tvOS";
				TVOS_DEPLOYMENT_TARGET = 10.0;
			};
			name = Debug;
		};
		4A3B38941DF34BB00095C37E /* Release */ = {
			isa = XCBuildConfiguration;
			baseConfigurationReference = 4E6A47B163F3BE3DD33FA480 /* Pods-Movies-tvOSTests.release.xcconfig */;
			buildSettings = {
				ALWAYS_EMBED_SWIFT_STANDARD_LIBRARIES = YES;
				BUNDLE_LOADER = "$(TEST_HOST)";
				DEVELOPMENT_TEAM = 8BQ32C87WW;
				INFOPLIST_FILE = "Movies-tvOSTests/Info.plist";
				LD_RUNPATH_SEARCH_PATHS = "$(inherited) @executable_path/Frameworks @loader_path/Frameworks";
				PRODUCT_BUNDLE_IDENTIFIER = "br.com.devmac.Movies-tvOSTests";
				PRODUCT_NAME = "$(TARGET_NAME)";
				SDKROOT = appletvos;
				SWIFT_VERSION = 3.0;
				TEST_HOST = "$(BUILT_PRODUCTS_DIR)/Movies-tvOS.app/Movies-tvOS";
				TVOS_DEPLOYMENT_TARGET = 10.0;
			};
			name = Release;
		};
		4A3B38961DF34BB00095C37E /* Debug */ = {
			isa = XCBuildConfiguration;
			baseConfigurationReference = A65F409BE3B9086E7E841974 /* Pods-Movies-tvOSUITests.debug.xcconfig */;
			buildSettings = {
				ALWAYS_EMBED_SWIFT_STANDARD_LIBRARIES = YES;
				DEVELOPMENT_TEAM = 8BQ32C87WW;
				INFOPLIST_FILE = "Movies-tvOSUITests/Info.plist";
				LD_RUNPATH_SEARCH_PATHS = "$(inherited) @executable_path/Frameworks @loader_path/Frameworks";
				PRODUCT_BUNDLE_IDENTIFIER = "br.com.devmac.Movies-tvOSUITests";
				PRODUCT_NAME = "$(TARGET_NAME)";
				SDKROOT = appletvos;
				SWIFT_VERSION = 3.0;
				TEST_TARGET_NAME = "Movies-tvOS";
				TVOS_DEPLOYMENT_TARGET = 10.0;
			};
			name = Debug;
		};
		4A3B38971DF34BB00095C37E /* Release */ = {
			isa = XCBuildConfiguration;
			baseConfigurationReference = E79A6F3BD2E7AF1E9FAC4572 /* Pods-Movies-tvOSUITests.release.xcconfig */;
			buildSettings = {
				ALWAYS_EMBED_SWIFT_STANDARD_LIBRARIES = YES;
				DEVELOPMENT_TEAM = 8BQ32C87WW;
				INFOPLIST_FILE = "Movies-tvOSUITests/Info.plist";
				LD_RUNPATH_SEARCH_PATHS = "$(inherited) @executable_path/Frameworks @loader_path/Frameworks";
				PRODUCT_BUNDLE_IDENTIFIER = "br.com.devmac.Movies-tvOSUITests";
				PRODUCT_NAME = "$(TARGET_NAME)";
				SDKROOT = appletvos;
				SWIFT_VERSION = 3.0;
				TEST_TARGET_NAME = "Movies-tvOS";
				TVOS_DEPLOYMENT_TARGET = 10.0;
			};
			name = Release;
		};
		4A896B1F1DF33BA100A537F1 /* Debug */ = {
			isa = XCBuildConfiguration;
			buildSettings = {
				ALWAYS_SEARCH_USER_PATHS = NO;
				CLANG_ANALYZER_NONNULL = YES;
				CLANG_CXX_LANGUAGE_STANDARD = "gnu++0x";
				CLANG_CXX_LIBRARY = "libc++";
				CLANG_ENABLE_MODULES = YES;
				CLANG_ENABLE_OBJC_ARC = YES;
				CLANG_WARN_BOOL_CONVERSION = YES;
				CLANG_WARN_CONSTANT_CONVERSION = YES;
				CLANG_WARN_DIRECT_OBJC_ISA_USAGE = YES_ERROR;
				CLANG_WARN_DOCUMENTATION_COMMENTS = YES;
				CLANG_WARN_EMPTY_BODY = YES;
				CLANG_WARN_ENUM_CONVERSION = YES;
				CLANG_WARN_INFINITE_RECURSION = YES;
				CLANG_WARN_INT_CONVERSION = YES;
				CLANG_WARN_OBJC_ROOT_CLASS = YES_ERROR;
				CLANG_WARN_SUSPICIOUS_MOVES = YES;
				CLANG_WARN_UNREACHABLE_CODE = YES;
				CLANG_WARN__DUPLICATE_METHOD_MATCH = YES;
				"CODE_SIGN_IDENTITY[sdk=iphoneos*]" = "iPhone Developer";
				COPY_PHASE_STRIP = NO;
				DEBUG_INFORMATION_FORMAT = dwarf;
				ENABLE_STRICT_OBJC_MSGSEND = YES;
				ENABLE_TESTABILITY = YES;
				GCC_C_LANGUAGE_STANDARD = gnu99;
				GCC_DYNAMIC_NO_PIC = NO;
				GCC_NO_COMMON_BLOCKS = YES;
				GCC_OPTIMIZATION_LEVEL = 0;
				GCC_PREPROCESSOR_DEFINITIONS = (
					"DEBUG=1",
					"$(inherited)",
				);
				GCC_WARN_64_TO_32_BIT_CONVERSION = YES;
				GCC_WARN_ABOUT_RETURN_TYPE = YES_ERROR;
				GCC_WARN_UNDECLARED_SELECTOR = YES;
				GCC_WARN_UNINITIALIZED_AUTOS = YES_AGGRESSIVE;
				GCC_WARN_UNUSED_FUNCTION = YES;
				GCC_WARN_UNUSED_VARIABLE = YES;
				IPHONEOS_DEPLOYMENT_TARGET = 10.1;
				MTL_ENABLE_DEBUG_INFO = YES;
				ONLY_ACTIVE_ARCH = YES;
				SDKROOT = iphoneos;
				SWIFT_ACTIVE_COMPILATION_CONDITIONS = DEBUG;
				SWIFT_OPTIMIZATION_LEVEL = "-Onone";
				TARGETED_DEVICE_FAMILY = "1,2";
			};
			name = Debug;
		};
		4A896B201DF33BA100A537F1 /* Release */ = {
			isa = XCBuildConfiguration;
			buildSettings = {
				ALWAYS_SEARCH_USER_PATHS = NO;
				CLANG_ANALYZER_NONNULL = YES;
				CLANG_CXX_LANGUAGE_STANDARD = "gnu++0x";
				CLANG_CXX_LIBRARY = "libc++";
				CLANG_ENABLE_MODULES = YES;
				CLANG_ENABLE_OBJC_ARC = YES;
				CLANG_WARN_BOOL_CONVERSION = YES;
				CLANG_WARN_CONSTANT_CONVERSION = YES;
				CLANG_WARN_DIRECT_OBJC_ISA_USAGE = YES_ERROR;
				CLANG_WARN_DOCUMENTATION_COMMENTS = YES;
				CLANG_WARN_EMPTY_BODY = YES;
				CLANG_WARN_ENUM_CONVERSION = YES;
				CLANG_WARN_INFINITE_RECURSION = YES;
				CLANG_WARN_INT_CONVERSION = YES;
				CLANG_WARN_OBJC_ROOT_CLASS = YES_ERROR;
				CLANG_WARN_SUSPICIOUS_MOVES = YES;
				CLANG_WARN_UNREACHABLE_CODE = YES;
				CLANG_WARN__DUPLICATE_METHOD_MATCH = YES;
				"CODE_SIGN_IDENTITY[sdk=iphoneos*]" = "iPhone Developer";
				COPY_PHASE_STRIP = NO;
				DEBUG_INFORMATION_FORMAT = "dwarf-with-dsym";
				ENABLE_NS_ASSERTIONS = NO;
				ENABLE_STRICT_OBJC_MSGSEND = YES;
				GCC_C_LANGUAGE_STANDARD = gnu99;
				GCC_NO_COMMON_BLOCKS = YES;
				GCC_WARN_64_TO_32_BIT_CONVERSION = YES;
				GCC_WARN_ABOUT_RETURN_TYPE = YES_ERROR;
				GCC_WARN_UNDECLARED_SELECTOR = YES;
				GCC_WARN_UNINITIALIZED_AUTOS = YES_AGGRESSIVE;
				GCC_WARN_UNUSED_FUNCTION = YES;
				GCC_WARN_UNUSED_VARIABLE = YES;
				IPHONEOS_DEPLOYMENT_TARGET = 10.1;
				MTL_ENABLE_DEBUG_INFO = NO;
				SDKROOT = iphoneos;
				SWIFT_OPTIMIZATION_LEVEL = "-Owholemodule";
				TARGETED_DEVICE_FAMILY = "1,2";
				VALIDATE_PRODUCT = YES;
			};
			name = Release;
		};
/* End XCBuildConfiguration section */

/* Begin XCConfigurationList section */
		4A3B38001DF33E760095C37E /* Build configuration list for PBXNativeTarget "Movies-iOS" */ = {
			isa = XCConfigurationList;
			buildConfigurations = (
				4A3B38011DF33E760095C37E /* Debug */,
				4A3B38021DF33E760095C37E /* Release */,
			);
			defaultConfigurationIsVisible = 0;
			defaultConfigurationName = Release;
		};
		4A3B38031DF33E760095C37E /* Build configuration list for PBXNativeTarget "Movies-iOSTests" */ = {
			isa = XCConfigurationList;
			buildConfigurations = (
				4A3B38041DF33E760095C37E /* Debug */,
				4A3B38051DF33E760095C37E /* Release */,
			);
			defaultConfigurationIsVisible = 0;
			defaultConfigurationName = Release;
		};
		4A3B38061DF33E760095C37E /* Build configuration list for PBXNativeTarget "Movies-iOSUITests" */ = {
			isa = XCConfigurationList;
			buildConfigurations = (
				4A3B38071DF33E760095C37E /* Debug */,
				4A3B38081DF33E760095C37E /* Release */,
			);
			defaultConfigurationIsVisible = 0;
			defaultConfigurationName = Release;
		};
		4A3B388F1DF34BB00095C37E /* Build configuration list for PBXNativeTarget "Movies-tvOS" */ = {
			isa = XCConfigurationList;
			buildConfigurations = (
				4A3B38901DF34BB00095C37E /* Debug */,
				4A3B38911DF34BB00095C37E /* Release */,
			);
			defaultConfigurationIsVisible = 0;
			defaultConfigurationName = Release;
		};
		4A3B38921DF34BB00095C37E /* Build configuration list for PBXNativeTarget "Movies-tvOSTests" */ = {
			isa = XCConfigurationList;
			buildConfigurations = (
				4A3B38931DF34BB00095C37E /* Debug */,
				4A3B38941DF34BB00095C37E /* Release */,
			);
			defaultConfigurationIsVisible = 0;
			defaultConfigurationName = Release;
		};
		4A3B38951DF34BB00095C37E /* Build configuration list for PBXNativeTarget "Movies-tvOSUITests" */ = {
			isa = XCConfigurationList;
			buildConfigurations = (
				4A3B38961DF34BB00095C37E /* Debug */,
				4A3B38971DF34BB00095C37E /* Release */,
			);
			defaultConfigurationIsVisible = 0;
			defaultConfigurationName = Release;
		};
		4A896AF41DF33BA100A537F1 /* Build configuration list for PBXProject "NowPlayingMovies" */ = {
			isa = XCConfigurationList;
			buildConfigurations = (
				4A896B1F1DF33BA100A537F1 /* Debug */,
				4A896B201DF33BA100A537F1 /* Release */,
			);
			defaultConfigurationIsVisible = 0;
			defaultConfigurationName = Release;
		};
/* End XCConfigurationList section */
	};
	rootObject = 4A896AF11DF33BA100A537F1 /* Project object */;
}
